{
	"name": "gun",
	"version": "0.2020.116",
	"lockfileVersion": 1,
	"requires": true,
	"dependencies": {
		"accepts": {
			"version": "1.3.3",
			"resolved": "https://registry.npmjs.org/accepts/-/accepts-1.3.3.tgz",
			"integrity": "sha1-w8p0NJOGSMPg2cHjKN1otiLChMo=",
			"requires": {
				"mime-types": "2.1.26",
				"negotiator": "0.6.1"
			}
		},
		"addressparser": {
			"version": "0.3.2",
			"resolved": "https://registry.npmjs.org/addressparser/-/addressparser-0.3.2.tgz",
			"integrity": "sha1-WYc/Nej89sc2HBAjkmHXbhU0i7I="
		},
		"after": {
			"version": "0.8.2",
			"resolved": "https://registry.npmjs.org/after/-/after-0.8.2.tgz",
			"integrity": "sha1-/ts5T58OAqqXaOcCvaI7UF+ufh8="
		},
		"ansi-colors": {
			"version": "3.2.3",
			"resolved": "https://registry.npmjs.org/ansi-colors/-/ansi-colors-3.2.3.tgz",
			"integrity": "sha1-V9NbhoboUeLMBMQD8cACA5dqGBM="
		},
		"ansi-regex": {
			"version": "4.1.0",
			"resolved": "https://registry.npmjs.org/ansi-regex/-/ansi-regex-4.1.0.tgz",
			"integrity": "sha1-i5+PCM8ay4Q3Vqg5yox+MWjFGZc="
		},
		"ansi-styles": {
			"version": "3.2.1",
			"resolved": "https://registry.npmjs.org/ansi-styles/-/ansi-styles-3.2.1.tgz",
			"integrity": "sha1-QfuyAkPlCxK+DwS43tvwdSDOhB0=",
			"requires": {
				"color-convert": "1.9.3"
			}
		},
		"argparse": {
			"version": "1.0.10",
			"resolved": "https://registry.npmjs.org/argparse/-/argparse-1.0.10.tgz",
			"integrity": "sha1-vNZ5HqWuCXJeF+WtmIE0zUCz2RE=",
			"requires": {
				"sprintf-js": "1.0.3"
			}
		},
		"arraybuffer.slice": {
			"version": "0.0.6",
			"resolved": "https://registry.npmjs.org/arraybuffer.slice/-/arraybuffer.slice-0.0.6.tgz",
			"integrity": "sha1-8zshWfBTKj8xB6JywMz70a0peco="
		},
		"asmcrypto.js": {
			"version": "0.22.0",
			"resolved": "https://registry.npmjs.org/asmcrypto.js/-/asmcrypto.js-0.22.0.tgz",
			"integrity": "sha1-OPwUQIhNgCx7030dI8KyalzV0tI="
		},
		"asn1js": {
			"version": "2.0.26",
			"resolved": "https://registry.npmjs.org/asn1js/-/asn1js-2.0.26.tgz",
			"integrity": "sha1-Cm1DUAD1VqlsYBKWnZcE2YG3ElE=",
			"requires": {
				"pvutils": "1.0.17"
			}
		},
		"aws-sdk": {
			"version": "2.611.0",
			"resolved": "https://registry.npmjs.org/aws-sdk/-/aws-sdk-2.611.0.tgz",
			"integrity": "sha1-sdo7xidANHIBsfpTtwCbMGsWJ94=",
			"requires": {
				"buffer": "4.9.1",
				"events": "1.1.1",
				"ieee754": "1.1.13",
				"jmespath": "0.15.0",
				"querystring": "0.2.0",
				"sax": "1.2.1",
				"url": "0.10.3",
				"uuid": "3.3.2",
				"xml2js": "0.4.19"
			},
			"dependencies": {
				"buffer": {
					"version": "4.9.1",
					"resolved": "https://registry.npmjs.org/buffer/-/buffer-4.9.1.tgz",
					"integrity": "sha1-bRu2AbB6TvztlwlBMgkwJ8lbwpg=",
					"requires": {
						"base64-js": "1.3.1",
						"ieee754": "1.1.13",
						"isarray": "1.0.0"
					}
				},
				"isarray": {
					"version": "1.0.0",
					"resolved": "https://registry.npmjs.org/isarray/-/isarray-1.0.0.tgz",
					"integrity": "sha1-u5NdSFgsuhaMBoNJV6VKPgcSTxE="
				}
			}
		},
		"b64-lite": {
			"version": "1.4.0",
			"resolved": "https://registry.npmjs.org/b64-lite/-/b64-lite-1.4.0.tgz",
			"integrity": "sha1-5iRC3hHx8hxg44t08RGsAkIoPT0=",
			"requires": {
				"base-64": "0.1.0"
			}
		},
		"b64u-lite": {
			"version": "1.1.0",
			"resolved": "https://registry.npmjs.org/b64u-lite/-/b64u-lite-1.1.0.tgz",
			"integrity": "sha1-pYG335TL1L7Xy7Gf6ugWZU8LG/A=",
			"requires": {
				"b64-lite": "1.4.0"
			}
		},
		"backo2": {
			"version": "1.0.2",
			"resolved": "https://registry.npmjs.org/backo2/-/backo2-1.0.2.tgz",
			"integrity": "sha1-MasayLEpNjRj41s+u2n038+6eUc="
		},
		"balanced-match": {
			"version": "1.0.0",
			"resolved": "https://registry.npmjs.org/balanced-match/-/balanced-match-1.0.0.tgz",
			"integrity": "sha1-ibTRmasr7kneFk6gK4nORi1xt2c="
		},
		"base-64": {
			"version": "0.1.0",
			"resolved": "https://registry.npmjs.org/base-64/-/base-64-0.1.0.tgz",
			"integrity": "sha1-eAqZyE59YAJgNhURxId2E78k9rs="
		},
		"base64-arraybuffer": {
			"version": "0.1.5",
			"resolved": "https://registry.npmjs.org/base64-arraybuffer/-/base64-arraybuffer-0.1.5.tgz",
			"integrity": "sha1-c5JncZI7Whl0etZmqlzUv5xunOg="
		},
		"base64-js": {
			"version": "1.3.1",
			"resolved": "https://registry.npmjs.org/base64-js/-/base64-js-1.3.1.tgz",
			"integrity": "sha1-WOzoy3XdB+ce0IxzarxfrE2/jfE="
		},
		"base64id": {
			"version": "1.0.0",
			"resolved": "https://registry.npmjs.org/base64id/-/base64id-1.0.0.tgz",
			"integrity": "sha1-R2iMuZu2gE8OBtPnY7HDLlfY5rY="
		},
		"better-assert": {
			"version": "1.0.2",
			"resolved": "https://registry.npmjs.org/better-assert/-/better-assert-1.0.2.tgz",
			"integrity": "sha1-QIZrnhueC1W0gYlDEeaPr/rrxSI=",
			"requires": {
				"callsite": "1.0.0"
			}
		},
		"blob": {
			"version": "0.0.4",
			"resolved": "https://registry.npmjs.org/blob/-/blob-0.0.4.tgz",
			"integrity": "sha1-vPEwUspURj8w+fx+lbmkdjCpSSE="
		},
		"bluebird": {
			"version": "3.7.2",
			"resolved": "https://registry.npmjs.org/bluebird/-/bluebird-3.7.2.tgz",
			"integrity": "sha1-nyKcFb4nJFT/qXOs4NvueaGww28="
		},
		"brace-expansion": {
			"version": "1.1.11",
			"resolved": "https://registry.npmjs.org/brace-expansion/-/brace-expansion-1.1.11.tgz",
			"integrity": "sha1-PH/L9SnYcibz0vUrlm/1Jx60Qd0=",
			"requires": {
				"balanced-match": "1.0.0",
				"concat-map": "0.0.1"
			}
		},
		"browser-stdout": {
			"version": "1.3.1",
			"resolved": "https://registry.npmjs.org/browser-stdout/-/browser-stdout-1.3.1.tgz",
			"integrity": "sha1-uqVZ7hTO1zRSIputcyZGfGH6vWA="
		},
		"buffer": {
			"version": "5.4.3",
			"resolved": "https://registry.npmjs.org/buffer/-/buffer-5.4.3.tgz",
			"integrity": "sha1-P7ycaetxPTI+P8Gole7gcQwHIRU=",
			"requires": {
				"base64-js": "1.3.1",
				"ieee754": "1.1.13"
			}
		},
		"callsite": {
			"version": "1.0.0",
			"resolved": "https://registry.npmjs.org/callsite/-/callsite-1.0.0.tgz",
			"integrity": "sha1-KAOY5dZkvXQDi28JBRU+borxvCA="
		},
		"camelcase": {
			"version": "5.3.1",
			"resolved": "https://registry.npmjs.org/camelcase/-/camelcase-5.3.1.tgz",
			"integrity": "sha1-48mzFWnhBoEd8kL3FXJaH0xJQyA="
		},
		"chalk": {
			"version": "2.4.2",
			"resolved": "https://registry.npmjs.org/chalk/-/chalk-2.4.2.tgz",
			"integrity": "sha1-zUJUFnelQzPPVBpJEIwUMrRMlCQ=",
			"requires": {
				"ansi-styles": "3.2.1",
				"escape-string-regexp": "1.0.5",
				"supports-color": "5.5.0"
			},
			"dependencies": {
				"supports-color": {
					"version": "5.5.0",
					"resolved": "https://registry.npmjs.org/supports-color/-/supports-color-5.5.0.tgz",
					"integrity": "sha1-4uaaRKyHcveKHsCzW2id9lMO/I8=",
					"requires": {
						"has-flag": "3.0.0"
					}
				}
			}
		},
		"cliui": {
			"version": "5.0.0",
			"resolved": "https://registry.npmjs.org/cliui/-/cliui-5.0.0.tgz",
			"integrity": "sha1-3u/P2y6AB4SqNPRvoI4GhRx7u8U=",
			"requires": {
				"string-width": "3.1.0",
				"strip-ansi": "5.2.0",
				"wrap-ansi": "5.1.0"
			}
		},
		"color-convert": {
			"version": "1.9.3",
			"resolved": "https://registry.npmjs.org/color-convert/-/color-convert-1.9.3.tgz",
			"integrity": "sha1-u3GFBpDh8TZWfeYp0tVHHe2kweg=",
			"requires": {
				"color-name": "1.1.3"
			}
		},
		"color-name": {
			"version": "1.1.3",
			"resolved": "https://registry.npmjs.org/color-name/-/color-name-1.1.3.tgz",
			"integrity": "sha1-p9BVi9icQveV3UIyj3QIMcpTvCU="
		},
		"commander": {
			"version": "2.20.3",
			"resolved": "https://registry.npmjs.org/commander/-/commander-2.20.3.tgz",
			"integrity": "sha1-/UhehMA+tIgcIHIrpIA16FMa6zM="
		},
		"compare-versions": {
			"version": "3.5.1",
			"resolved": "https://registry.npmjs.org/compare-versions/-/compare-versions-3.5.1.tgz",
			"integrity": "sha1-JuH1zw1Ip37O1QRrn2e2thB1o5M="
		},
		"component-bind": {
			"version": "1.0.0",
			"resolved": "https://registry.npmjs.org/component-bind/-/component-bind-1.0.0.tgz",
			"integrity": "sha1-AMYIq33Nk4l8AAllGx06jh5zu9E="
		},
		"component-emitter": {
			"version": "1.2.1",
			"resolved": "https://registry.npmjs.org/component-emitter/-/component-emitter-1.2.1.tgz",
			"integrity": "sha1-E3kY1teCg/ffemt8WmPhQOaUJeY="
		},
		"component-inherit": {
			"version": "0.0.3",
			"resolved": "https://registry.npmjs.org/component-inherit/-/component-inherit-0.0.3.tgz",
			"integrity": "sha1-ZF/ErfWLcrZJ1crmUTVhnbJv8UM="
		},
		"concat-map": {
			"version": "0.0.1",
			"resolved": "https://registry.npmjs.org/concat-map/-/concat-map-0.0.1.tgz",
			"integrity": "sha1-2Klr13/Wjfd5OnMDajug1UBdR3s="
		},
		"cookie": {
			"version": "0.3.1",
			"resolved": "https://registry.npmjs.org/cookie/-/cookie-0.3.1.tgz",
			"integrity": "sha1-5+Ch+e9DtMi6klxcWpboBtFoc7s="
		},
		"debug": {
			"version": "2.3.3",
			"resolved": "https://registry.npmjs.org/debug/-/debug-2.3.3.tgz",
			"integrity": "sha1-QMRT5n5uE8kB3ewxeviYbNqe/4w=",
			"requires": {
				"ms": "0.7.2"
			}
		},
		"decamelize": {
			"version": "1.2.0",
			"resolved": "https://registry.npmjs.org/decamelize/-/decamelize-1.2.0.tgz",
			"integrity": "sha1-9lNNFRSCabIDUue+4m9QH5oZEpA="
		},
		"define-properties": {
			"version": "1.1.3",
			"resolved": "https://registry.npmjs.org/define-properties/-/define-properties-1.1.3.tgz",
			"integrity": "sha1-z4jabL7ib+bbcJT2HYcMvYTO6fE=",
			"requires": {
				"object-keys": "1.1.1"
			}
		},
		"diff": {
			"version": "3.5.0",
			"resolved": "https://registry.npmjs.org/diff/-/diff-3.5.0.tgz",
			"integrity": "sha1-gAwN0eCov7yVg1wgKtIg/jF+WhI="
		},
		"emailjs": {
			"version": "2.2.0",
			"resolved": "https://registry.npmjs.org/emailjs/-/emailjs-2.2.0.tgz",
			"integrity": "sha1-ulsj5KSwpFEPZS6HOxVOlAe2ygM=",
			"requires": {
				"addressparser": "0.3.2",
				"emailjs-mime-codec": "2.0.9"
			}
		},
		"emailjs-base64": {
			"version": "1.1.4",
			"resolved": "https://registry.npmjs.org/emailjs-base64/-/emailjs-base64-1.1.4.tgz",
			"integrity": "sha1-OS+jjLaqNdzNOvNjf/wUwcfOlhI="
		},
		"emailjs-mime-codec": {
			"version": "2.0.9",
			"resolved": "https://registry.npmjs.org/emailjs-mime-codec/-/emailjs-mime-codec-2.0.9.tgz",
			"integrity": "sha1-0YRFG28uVcWGiw8KgtGP4rgvDJc=",
			"requires": {
				"emailjs-base64": "1.1.4",
				"ramda": "0.26.1",
				"text-encoding": "0.7.0"
			}
		},
		"emoji-regex": {
			"version": "7.0.3",
			"resolved": "https://registry.npmjs.org/emoji-regex/-/emoji-regex-7.0.3.tgz",
			"integrity": "sha1-kzoEBShgyF6DwSJHnEdIqOTHIVY="
		},
		"engine.io": {
			"version": "1.8.5",
			"resolved": "https://registry.npmjs.org/engine.io/-/engine.io-1.8.5.tgz",
			"integrity": "sha1-Tr5edcbcEj3uSv3Obl/c7SHrk/Y=",
			"requires": {
				"accepts": "1.3.3",
				"base64id": "1.0.0",
				"debug": "2.3.3",
				"engine.io-parser": "1.3.2",
				"ws": "1.1.5",
				"cookie": "0.3.1"
			},
			"dependencies": {
				"ws": {
					"version": "1.1.5",
					"resolved": "https://registry.npmjs.org/ws/-/ws-1.1.5.tgz",
					"integrity": "sha1-y9nm514J/F0skAFfIfDECHXg3VE=",
					"requires": {
						"options": "0.0.6",
						"ultron": "1.0.2"
					}
				}
			}
		},
		"engine.io-client": {
			"version": "1.8.5",
			"resolved": "https://registry.npmjs.org/engine.io-client/-/engine.io-client-1.8.5.tgz",
			"integrity": "sha1-/n+2DLDc8vooWUiTKctZaN7esR8=",
			"requires": {
				"component-emitter": "1.2.1",
				"component-inherit": "0.0.3",
				"debug": "2.3.3",
				"engine.io-parser": "1.3.2",
				"has-cors": "1.1.0",
				"indexof": "0.0.1",
				"parsejson": "0.0.3",
				"parseqs": "0.0.5",
				"parseuri": "0.0.5",
				"ws": "1.1.5",
				"xmlhttprequest-ssl": "1.5.3",
				"yeast": "0.1.2"
			},
			"dependencies": {
				"ws": {
					"version": "1.1.5",
					"resolved": "https://registry.npmjs.org/ws/-/ws-1.1.5.tgz",
					"integrity": "sha1-y9nm514J/F0skAFfIfDECHXg3VE=",
					"requires": {
						"options": "0.0.6",
						"ultron": "1.0.2"
					}
				}
			}
		},
		"engine.io-parser": {
			"version": "1.3.2",
			"resolved": "https://registry.npmjs.org/engine.io-parser/-/engine.io-parser-1.3.2.tgz",
			"integrity": "sha1-k3sHnwAH0Ik+xW1GyyILjLQ1Igo=",
			"requires": {
				"after": "0.8.2",
				"arraybuffer.slice": "0.0.6",
				"base64-arraybuffer": "0.1.5",
				"blob": "0.0.4",
				"has-binary": "0.1.7",
				"wtf-8": "1.0.0"
			}
		},
		"es-abstract": {
			"version": "1.17.4",
			"resolved": "https://registry.npmjs.org/es-abstract/-/es-abstract-1.17.4.tgz",
			"integrity": "sha1-467fGXBrIOfCWUw1/A1XYFp54YQ=",
			"requires": {
				"es-to-primitive": "1.2.1",
				"function-bind": "1.1.1",
				"has": "1.0.3",
				"has-symbols": "1.0.1",
				"is-callable": "1.1.5",
				"is-regex": "1.0.5",
				"object-inspect": "1.7.0",
				"object-keys": "1.1.1",
				"object.assign": "4.1.0",
				"string.prototype.trimleft": "2.1.1",
				"string.prototype.trimright": "2.1.1"
			}
		},
		"es-to-primitive": {
			"version": "1.2.1",
			"resolved": "https://registry.npmjs.org/es-to-primitive/-/es-to-primitive-1.2.1.tgz",
			"integrity": "sha1-5VzUyc3BiLzvsDs2bHNjI/xciYo=",
			"requires": {
				"is-callable": "1.1.5",
				"is-date-object": "1.0.2",
				"is-symbol": "1.0.3"
			}
		},
		"escape-string-regexp": {
			"version": "1.0.5",
			"resolved": "https://registry.npmjs.org/escape-string-regexp/-/escape-string-regexp-1.0.5.tgz",
			"integrity": "sha1-G2HAViGQqN/2rjuyzwIAyhMLhtQ="
		},
		"esprima": {
			"version": "4.0.1",
			"resolved": "https://registry.npmjs.org/esprima/-/esprima-4.0.1.tgz",
			"integrity": "sha1-E7BM2z5sXRnfkatph6hpVhmwqnE="
		},
		"events": {
			"version": "1.1.1",
			"resolved": "https://registry.npmjs.org/events/-/events-1.1.1.tgz",
			"integrity": "sha1-nr23Y1rQmccNzEwqH1AEKI6L2SQ="
		},
		"expo-random": {
			"version": "8.0.0",
			"resolved": "https://registry.npmjs.org/expo-random/-/expo-random-8.0.0.tgz",
			"integrity": "sha1-u8x6GJ0prptwmzamz4QlbCLMFvY=",
			"requires": {
				"base64-js": "1.3.1"
			}
		},
		"find-up": {
			"version": "3.0.0",
			"resolved": "https://registry.npmjs.org/find-up/-/find-up-3.0.0.tgz",
			"integrity": "sha1-SRafHXmTQwZG2mHsxa41XCHJe3M=",
			"requires": {
				"locate-path": "3.0.0"
			}
		},
		"flat": {
			"version": "4.1.0",
			"resolved": "https://registry.npmjs.org/flat/-/flat-4.1.0.tgz",
			"integrity": "sha1-CQvsiwXjnLowl0fx1YjwTbr5jbI=",
			"requires": {
				"is-buffer": "2.0.4"
			}
		},
		"fs.realpath": {
			"version": "1.0.0",
			"resolved": "https://registry.npmjs.org/fs.realpath/-/fs.realpath-1.0.0.tgz",
			"integrity": "sha1-FQStJSMVjKpA20onh8sBQRmU6k8="
		},
		"function-bind": {
			"version": "1.1.1",
			"resolved": "https://registry.npmjs.org/function-bind/-/function-bind-1.1.1.tgz",
			"integrity": "sha1-pWiZ0+o8m6uHS7l3O3xe3pL0iV0="
		},
		"get-caller-file": {
			"version": "2.0.5",
			"resolved": "https://registry.npmjs.org/get-caller-file/-/get-caller-file-2.0.5.tgz",
			"integrity": "sha1-T5RBKoLbMvNuOwuXQfipf+sDH34="
		},
		"glob": {
			"version": "7.1.3",
			"resolved": "https://registry.npmjs.org/glob/-/glob-7.1.3.tgz",
			"integrity": "sha1-OWCDLT8VdBCDQtr9OmezMsCWnfE=",
			"requires": {
				"fs.realpath": "1.0.0",
				"inflight": "1.0.6",
				"inherits": "2.0.4",
				"minimatch": "3.0.4",
				"once": "1.4.0",
				"path-is-absolute": "1.0.1"
			}
		},
		"growl": {
			"version": "1.10.5",
			"resolved": "https://registry.npmjs.org/growl/-/growl-1.10.5.tgz",
			"integrity": "sha1-8nNdwig2dPpnR4sQGBBZNVw2nl4="
		},
		"has": {
			"version": "1.0.3",
			"resolved": "https://registry.npmjs.org/has/-/has-1.0.3.tgz",
			"integrity": "sha1-ci18v8H2qoJB8W3YFOAR4fQeh5Y=",
			"requires": {
				"function-bind": "1.1.1"
			}
		},
		"has-binary": {
			"version": "0.1.7",
			"resolved": "https://registry.npmjs.org/has-binary/-/has-binary-0.1.7.tgz",
			"integrity": "sha1-aOYesWIQyVRaClzOBqhzkS/h5ow=",
			"requires": {
				"isarray": "0.0.1"
			}
		},
		"has-cors": {
			"version": "1.1.0",
			"resolved": "https://registry.npmjs.org/has-cors/-/has-cors-1.1.0.tgz",
			"integrity": "sha1-XkdHk/fqmEPRu5nCPu9J/xJv/zk="
		},
		"has-flag": {
			"version": "3.0.0",
			"resolved": "https://registry.npmjs.org/has-flag/-/has-flag-3.0.0.tgz",
			"integrity": "sha1-tdRU3CGZriJWmfNGfloH87lVuv0="
		},
		"has-symbols": {
			"version": "1.0.1",
			"resolved": "https://registry.npmjs.org/has-symbols/-/has-symbols-1.0.1.tgz",
			"integrity": "sha1-n1IUdYpEGWxAbZvXbOv4HsLdMeg="
		},
		"he": {
			"version": "1.2.0",
			"resolved": "https://registry.npmjs.org/he/-/he-1.2.0.tgz",
			"integrity": "sha1-hK5l+n6vsWX922FWauFLrwVmTw8="
		},
		"ieee754": {
			"version": "1.1.13",
			"resolved": "https://registry.npmjs.org/ieee754/-/ieee754-1.1.13.tgz",
			"integrity": "sha1-7BaFWOlaoYH9h9N/VcMrvLZwi4Q="
		},
		"indexof": {
			"version": "0.0.1",
			"resolved": "https://registry.npmjs.org/indexof/-/indexof-0.0.1.tgz",
			"integrity": "sha1-gtwzbSMrkGIXnQWrMpOmYFn9Q10="
		},
		"inflight": {
			"version": "1.0.6",
			"resolved": "https://registry.npmjs.org/inflight/-/inflight-1.0.6.tgz",
			"integrity": "sha1-Sb1jMdfQLQwJvJEKEHW6gWW1bfk=",
			"requires": {
				"once": "1.4.0",
				"wrappy": "1.0.2"
			}
		},
		"inherits": {
			"version": "2.0.4",
			"resolved": "https://registry.npmjs.org/inherits/-/inherits-2.0.4.tgz",
			"integrity": "sha1-D6LGT5MpF8NDOg3tVTY6rjdBa3w="
		},
		"invariant": {
			"version": "2.2.4",
			"resolved": "https://registry.npmjs.org/invariant/-/invariant-2.2.4.tgz",
			"integrity": "sha1-YQ88ksk1nOHbYW5TgAjSP/NRWOY=",
			"requires": {
				"loose-envify": "1.4.0"
			}
		},
		"ip": {
			"version": "1.1.5",
			"resolved": "https://registry.npmjs.org/ip/-/ip-1.1.5.tgz",
			"integrity": "sha1-vd7XARQpCCjAoDnnLvJfWq7ENUo="
		},
		"is-buffer": {
			"version": "2.0.4",
			"resolved": "https://registry.npmjs.org/is-buffer/-/is-buffer-2.0.4.tgz",
			"integrity": "sha1-PlcvI8hBGlz9lVfISeNmXgspBiM="
		},
		"is-callable": {
			"version": "1.1.5",
			"resolved": "https://registry.npmjs.org/is-callable/-/is-callable-1.1.5.tgz",
			"integrity": "sha1-9+RrWWiQRW23Tn9ul2yzJz0G+qs="
		},
		"is-date-object": {
			"version": "1.0.2",
			"resolved": "https://registry.npmjs.org/is-date-object/-/is-date-object-1.0.2.tgz",
			"integrity": "sha1-vac28s2P0G0yhE53Q7+nSUw7/X4="
		},
		"is-fullwidth-code-point": {
			"version": "2.0.0",
			"resolved": "https://registry.npmjs.org/is-fullwidth-code-point/-/is-fullwidth-code-point-2.0.0.tgz",
			"integrity": "sha1-o7MKXE8ZkYMWeqq5O+764937ZU8="
		},
		"is-promise": {
			"version": "2.1.0",
			"resolved": "https://registry.npmjs.org/is-promise/-/is-promise-2.1.0.tgz",
			"integrity": "sha1-eaKp7OfwlugPNtKy87wWwf9L8/o="
		},
		"is-regex": {
			"version": "1.0.5",
			"resolved": "https://registry.npmjs.org/is-regex/-/is-regex-1.0.5.tgz",
			"integrity": "sha1-OdWJo1i/GJZ/cmlnEguPwa7XTq4=",
			"requires": {
				"has": "1.0.3"
			}
		},
		"is-symbol": {
			"version": "1.0.3",
			"resolved": "https://registry.npmjs.org/is-symbol/-/is-symbol-1.0.3.tgz",
			"integrity": "sha1-OOEBS55jKb4N6dJKQU/XRB7GGTc=",
			"requires": {
				"has-symbols": "1.0.1"
			}
		},
		"isarray": {
			"version": "0.0.1",
			"resolved": "https://registry.npmjs.org/isarray/-/isarray-0.0.1.tgz",
			"integrity": "sha1-ihis/Kmo9Bd+Cav8YDiTmwXR7t8="
		},
		"isexe": {
			"version": "2.0.0",
			"resolved": "https://registry.npmjs.org/isexe/-/isexe-2.0.0.tgz",
			"integrity": "sha1-6PvzdNxVb/iUehDcsFctYz8s+hA="
		},
		"isomorphic-webcrypto": {
			"version": "2.3.4",
			"resolved": "https://registry.npmjs.org/isomorphic-webcrypto/-/isomorphic-webcrypto-2.3.4.tgz",
			"integrity": "sha1-bRjuf3lasvXp/XpbSJq6+e4uavU=",
			"requires": {
				"@peculiar/webcrypto": "1.0.22",
				"asmcrypto.js": "0.22.0",
				"b64-lite": "1.4.0",
				"b64u-lite": "1.1.0",
				"msrcrypto": "1.5.8",
				"str2buf": "1.3.0",
				"webcrypto-shim": "0.1.5"
			}
		},
		"jmespath": {
			"version": "0.15.0",
			"resolved": "https://registry.npmjs.org/jmespath/-/jmespath-0.15.0.tgz",
			"integrity": "sha1-o/Iiqarp+Wb10nx5ZRDigJF2Qhc="
		},
		"js-tokens": {
			"version": "4.0.0",
			"resolved": "https://registry.npmjs.org/js-tokens/-/js-tokens-4.0.0.tgz",
			"integrity": "sha1-GSA/tZmR35jjoocFDUZHzerzJJk="
		},
		"js-yaml": {
			"version": "3.13.1",
			"resolved": "https://registry.npmjs.org/js-yaml/-/js-yaml-3.13.1.tgz",
			"integrity": "sha1-r/FRswv9+o5J4F2iLnQV6d+jeEc=",
			"requires": {
				"argparse": "1.0.10",
				"esprima": "4.0.1"
			}
		},
		"json3": {
			"version": "3.3.2",
			"resolved": "https://registry.npmjs.org/json3/-/json3-3.3.2.tgz",
			"integrity": "sha1-PAQ0dD35Pi9cQq7nsZvLSDV19OE="
		},
		"locate-path": {
			"version": "3.0.0",
			"resolved": "https://registry.npmjs.org/locate-path/-/locate-path-3.0.0.tgz",
			"integrity": "sha1-2+w7OrdZdYBxtY/ln8QYca8hQA4=",
			"requires": {
				"p-locate": "3.0.0",
				"path-exists": "3.0.0"
			}
		},
		"lodash": {
			"version": "4.17.15",
			"resolved": "https://registry.npmjs.org/lodash/-/lodash-4.17.15.tgz",
			"integrity": "sha1-tEf2ZwoEVbv+7dETku/zMOoJdUg="
		},
		"log-symbols": {
			"version": "2.2.0",
			"resolved": "https://registry.npmjs.org/log-symbols/-/log-symbols-2.2.0.tgz",
			"integrity": "sha1-V0Dhxdbw39pK2TI7UzIQfva0xAo=",
			"requires": {
				"chalk": "2.4.2"
			}
		},
		"loose-envify": {
			"version": "1.4.0",
			"resolved": "https://registry.npmjs.org/loose-envify/-/loose-envify-1.4.0.tgz",
			"integrity": "sha1-ce5R+nvkyuwaY4OffmgtgTLTDK8=",
			"requires": {
				"js-tokens": "4.0.0"
			}
		},
		"mime-db": {
			"version": "1.43.0",
			"resolved": "https://registry.npmjs.org/mime-db/-/mime-db-1.43.0.tgz",
			"integrity": "sha1-ChLgUCZQ5HPXNVNQUOfI9OtPrlg="
		},
		"mime-types": {
			"version": "2.1.26",
			"resolved": "https://registry.npmjs.org/mime-types/-/mime-types-2.1.26.tgz",
			"integrity": "sha1-nJIfwJt+FJpl39wNpNIJlyALCgY=",
			"requires": {
				"mime-db": "1.43.0"
			}
		},
		"minimatch": {
			"version": "3.0.4",
			"resolved": "https://registry.npmjs.org/minimatch/-/minimatch-3.0.4.tgz",
			"integrity": "sha1-UWbihkV/AzBgZL5Ul+jbsMPTIIM=",
			"requires": {
				"brace-expansion": "1.1.11"
			}
		},
		"minimist": {
			"version": "0.0.8",
			"resolved": "https://registry.npmjs.org/minimist/-/minimist-0.0.8.tgz",
			"integrity": "sha1-hX/Kv8M5fSYluCKCYuhqp6ARsF0="
		},
		"mkdirp": {
			"version": "0.5.1",
			"resolved": "https://registry.npmjs.org/mkdirp/-/mkdirp-0.5.1.tgz",
			"integrity": "sha1-MAV0OOrGz3+MR2fzhkjWaX11yQM=",
			"requires": {
				"minimist": "0.0.8"
			}
		},
		"mocha": {
			"version": "6.2.2",
			"resolved": "https://registry.npmjs.org/mocha/-/mocha-6.2.2.tgz",
			"integrity": "sha1-XYmH4olAyviVen12ZLkQ3Fsv6iA=",
			"requires": {
				"ansi-colors": "3.2.3",
				"browser-stdout": "1.3.1",
				"debug": "3.2.6",
				"diff": "3.5.0",
				"escape-string-regexp": "1.0.5",
				"find-up": "3.0.0",
				"glob": "7.1.3",
				"growl": "1.10.5",
				"he": "1.2.0",
				"js-yaml": "3.13.1",
				"log-symbols": "2.2.0",
				"minimatch": "3.0.4",
				"mkdirp": "0.5.1",
				"ms": "2.1.1",
				"node-environment-flags": "1.0.5",
				"object.assign": "4.1.0",
				"strip-json-comments": "2.0.1",
				"supports-color": "6.0.0",
				"which": "1.3.1",
				"wide-align": "1.1.3",
				"yargs": "13.3.0",
				"yargs-parser": "13.1.1",
				"yargs-unparser": "1.6.0"
			},
			"dependencies": {
				"debug": {
					"version": "3.2.6",
					"resolved": "https://registry.npmjs.org/debug/-/debug-3.2.6.tgz",
					"integrity": "sha1-6D0X3hbYp++3cX7b5fsQE17uYps=",
					"requires": {
						"ms": "2.1.2"
					},
					"dependencies": {
						"ms": {
							"version": "2.1.2",
							"resolved": "https://registry.npmjs.org/ms/-/ms-2.1.2.tgz",
							"integrity": "sha1-0J0fNXtEP0kzgqjrPM0YOHKuYAk="
						}
					}
				},
				"ms": {
					"version": "2.1.1",
					"resolved": "https://registry.npmjs.org/ms/-/ms-2.1.1.tgz",
					"integrity": "sha1-MKWGTrPrsKZvLr5tcnrwagnYbgo="
				}
			}
		},
		"ms": {
			"version": "0.7.2",
			"resolved": "https://registry.npmjs.org/ms/-/ms-0.7.2.tgz",
			"integrity": "sha1-riXPJRKziFodldfwN4aNhDESR2U="
		},
		"msrcrypto": {
			"version": "1.5.8",
			"resolved": "https://registry.npmjs.org/msrcrypto/-/msrcrypto-1.5.8.tgz",
			"integrity": "sha1-vkGb5JRb8TTYr1Lp1Dvn+iYfShw="
		},
		"negotiator": {
			"version": "0.6.1",
			"resolved": "https://registry.npmjs.org/negotiator/-/negotiator-0.6.1.tgz",
			"integrity": "sha1-KzJxhOiZIQEXeyhWP7XnECrNDKk="
		},
		"node-environment-flags": {
			"version": "1.0.5",
			"resolved": "https://registry.npmjs.org/node-environment-flags/-/node-environment-flags-1.0.5.tgz",
			"integrity": "sha1-+pMCdfW/Xa4YjWGSsktMi7rD12o=",
			"requires": {
				"object.getownpropertydescriptors": "2.1.0",
				"semver": "5.7.1"
			}
		},
		"object-assign": {
			"version": "4.1.0",
			"resolved": "https://registry.npmjs.org/object-assign/-/object-assign-4.1.0.tgz",
			"integrity": "sha1-ejs9DpgGPUP0wD8uiubNUahog6A="
		},
		"object-component": {
			"version": "0.0.3",
			"resolved": "https://registry.npmjs.org/object-component/-/object-component-0.0.3.tgz",
			"integrity": "sha1-8MaapQ78lbhmwYb0AKM3acsvEpE="
		},
		"object-inspect": {
			"version": "1.7.0",
			"resolved": "https://registry.npmjs.org/object-inspect/-/object-inspect-1.7.0.tgz",
			"integrity": "sha1-9Pa9GBrXfwBrXs5gvQtvOY/3Smc="
		},
		"object-keys": {
			"version": "1.1.1",
			"resolved": "https://registry.npmjs.org/object-keys/-/object-keys-1.1.1.tgz",
			"integrity": "sha1-HEfyct8nfzsdrwYWd9nILiMixg4="
		},
		"object.assign": {
			"version": "4.1.0",
			"resolved": "https://registry.npmjs.org/object.assign/-/object.assign-4.1.0.tgz",
			"integrity": "sha1-lovxEA15Vrs8oIbwBvhGs7xACNo=",
			"requires": {
				"define-properties": "1.1.3",
				"function-bind": "1.1.1",
				"has-symbols": "1.0.1",
				"object-keys": "1.1.1"
			}
		},
		"object.getownpropertydescriptors": {
			"version": "2.1.0",
			"resolved": "https://registry.npmjs.org/object.getownpropertydescriptors/-/object.getownpropertydescriptors-2.1.0.tgz",
			"integrity": "sha1-Npvx+VktiridcS3O1cuBx8U1Jkk=",
			"requires": {
				"define-properties": "1.1.3",
				"es-abstract": "1.17.4"
			}
		},
		"once": {
			"version": "1.4.0",
			"resolved": "https://registry.npmjs.org/once/-/once-1.4.0.tgz",
			"integrity": "sha1-WDsap3WWHUsROsF9nFC6753Xa9E=",
			"requires": {
				"wrappy": "1.0.2"
			}
		},
		"options": {
			"version": "0.0.6",
			"resolved": "https://registry.npmjs.org/options/-/options-0.0.6.tgz",
			"integrity": "sha1-7CLTEoBrtT5zF3Pnza788cZDEo8="
		},
		"p-limit": {
			"version": "2.2.2",
			"resolved": "https://registry.npmjs.org/p-limit/-/p-limit-2.2.2.tgz",
			"integrity": "sha1-YSebZ3IfUoeqHBOpp/u8SMkpGx4=",
			"requires": {
				"p-try": "2.2.0"
			}
		},
		"p-locate": {
			"version": "3.0.0",
			"resolved": "https://registry.npmjs.org/p-locate/-/p-locate-3.0.0.tgz",
			"integrity": "sha1-Mi1poFwCZLJZl9n0DNiokasAZKQ=",
			"requires": {
				"p-limit": "2.2.2"
			}
		},
		"p-try": {
			"version": "2.2.0",
			"resolved": "https://registry.npmjs.org/p-try/-/p-try-2.2.0.tgz",
			"integrity": "sha1-yyhoVA4xPWHeWPr741zpAE1VQOY="
		},
		"panic-client": {
			"version": "1.0.2",
			"resolved": "https://registry.npmjs.org/panic-client/-/panic-client-1.0.2.tgz",
			"integrity": "sha1-4+yr3DQn6vELowviJZAaehGasXM=",
			"requires": {
				"bluebird": "3.7.2",
				"is-promise": "2.1.0",
				"platform": "1.3.1",
				"socket.io-client": "1.7.4"
			}
		},
		"panic-manager": {
			"version": "1.2.0",
			"resolved": "https://registry.npmjs.org/panic-manager/-/panic-manager-1.2.0.tgz",
			"integrity": "sha1-0tvHdgIAMsWwEw0QW/vqewZnMh4=",
			"requires": {
				"isarray": "2.0.5",
				"panic-client": "1.0.2",
				"socket.io": "1.7.4",
				"socket.io-client": "1.7.4"
			},
			"dependencies": {
				"isarray": {
					"version": "2.0.5",
					"resolved": "https://registry.npmjs.org/isarray/-/isarray-2.0.5.tgz",
					"integrity": "sha1-ivHkwSISRMxiRZ+vOJQNTmRKVyM="
				}
			}
		},
		"panic-server": {
			"version": "1.1.1",
			"resolved": "https://registry.npmjs.org/panic-server/-/panic-server-1.1.1.tgz",
			"integrity": "sha1-RNCZ04p8R17yekTxsgMmYRCydpY=",
			"requires": {
				"bluebird": "3.7.2",
				"panic-client": "1.0.2",
				"socket.io": "1.7.4"
			}
		},
		"parsejson": {
			"version": "0.0.3",
			"resolved": "https://registry.npmjs.org/parsejson/-/parsejson-0.0.3.tgz",
			"integrity": "sha1-q343WfIJ7OmUN5c/fQ8fZK4OZKs=",
			"requires": {
				"better-assert": "1.0.2"
			}
		},
		"parseqs": {
			"version": "0.0.5",
			"resolved": "https://registry.npmjs.org/parseqs/-/parseqs-0.0.5.tgz",
			"integrity": "sha1-1SCKNzjkZ2bikbouoXNoSSGouJ0=",
			"requires": {
				"better-assert": "1.0.2"
			}
		},
		"parseuri": {
			"version": "0.0.5",
			"resolved": "https://registry.npmjs.org/parseuri/-/parseuri-0.0.5.tgz",
			"integrity": "sha1-gCBKUNTbt3m/3G6+J3jZDkvOMgo=",
			"requires": {
				"better-assert": "1.0.2"
			}
		},
		"path-exists": {
			"version": "3.0.0",
			"resolved": "https://registry.npmjs.org/path-exists/-/path-exists-3.0.0.tgz",
			"integrity": "sha1-zg6+ql94yxiSXqfYENe1mwEP1RU="
		},
		"path-is-absolute": {
			"version": "1.0.1",
			"resolved": "https://registry.npmjs.org/path-is-absolute/-/path-is-absolute-1.0.1.tgz",
			"integrity": "sha1-F0uSaHNVNP+8es5r9TpanhtcX18="
		},
		"platform": {
			"version": "1.3.1",
			"resolved": "https://registry.npmjs.org/platform/-/platform-1.3.1.tgz",
			"integrity": "sha1-SSIQiSM1vTExwKCN2i2T7DVD5CM="
		},
		"prop-types": {
			"version": "15.7.2",
			"resolved": "https://registry.npmjs.org/prop-types/-/prop-types-15.7.2.tgz",
			"integrity": "sha1-UsQedbjIfnK52TYOAga5ncv/psU=",
			"requires": {
				"loose-envify": "1.4.0",
				"object-assign": "4.1.1",
				"react-is": "16.12.0"
			},
			"dependencies": {
				"object-assign": {
					"version": "4.1.1",
					"resolved": "https://registry.npmjs.org/object-assign/-/object-assign-4.1.1.tgz",
					"integrity": "sha1-IQmtx5ZYh8/AXLvUQsrIv7s2CGM="
				}
			}
		},
		"punycode": {
			"version": "1.3.2",
			"resolved": "https://registry.npmjs.org/punycode/-/punycode-1.3.2.tgz",
			"integrity": "sha1-llOgNvt8HuQjQvIyXM7v6jkmxI0="
		},
		"pvtsutils": {
			"version": "1.0.9",
			"resolved": "https://registry.npmjs.org/pvtsutils/-/pvtsutils-1.0.9.tgz",
			"integrity": "sha1-DrYQbyeHjMqlXn379r0sda9GHe4=",
			"requires": {
				"tslib": "1.10.0"
			}
		},
		"pvutils": {
			"version": "1.0.17",
			"resolved": "https://registry.npmjs.org/pvutils/-/pvutils-1.0.17.tgz",
			"integrity": "sha1-rePHTf5xeJRP5EgGYmvS4knZlr8="
		},
		"querystring": {
			"version": "0.2.0",
			"resolved": "https://registry.npmjs.org/querystring/-/querystring-0.2.0.tgz",
			"integrity": "sha1-sgmEkgO7Jd+CDadW50cAWHhSFiA="
		},
		"ramda": {
			"version": "0.26.1",
			"resolved": "https://registry.npmjs.org/ramda/-/ramda-0.26.1.tgz",
			"integrity": "sha1-jUE1HrgRHFU1Nhf8O7/62OTTXQY="
		},
		"react-is": {
			"version": "16.12.0",
			"resolved": "https://registry.npmjs.org/react-is/-/react-is-16.12.0.tgz",
			"integrity": "sha1-LMD+D7p0LZf9UnxCoTvsTusGJBw="
		},
		"react-native-securerandom": {
			"version": "0.1.1",
			"resolved": "https://registry.npmjs.org/react-native-securerandom/-/react-native-securerandom-0.1.1.tgz",
			"integrity": "sha1-8TBiOkEsM4sK+t7bwgTFy7i/IHA=",
			"requires": {
				"base64-js": "1.3.1"
			}
		},
		"require-directory": {
			"version": "2.1.1",
			"resolved": "https://registry.npmjs.org/require-directory/-/require-directory-2.1.1.tgz",
			"integrity": "sha1-jGStX9MNqxyXbiNE/+f3kqam30I="
		},
		"require-main-filename": {
			"version": "2.0.0",
			"resolved": "https://registry.npmjs.org/require-main-filename/-/require-main-filename-2.0.0.tgz",
			"integrity": "sha1-0LMp7MfMD2Fkn2IhW+aa9UqomJs="
		},
		"sax": {
			"version": "1.2.1",
			"resolved": "https://registry.npmjs.org/sax/-/sax-1.2.1.tgz",
			"integrity": "sha1-e45lYZCyKOgaZq6nSEgNgozS03o="
		},
		"semver": {
			"version": "5.7.1",
			"resolved": "https://registry.npmjs.org/semver/-/semver-5.7.1.tgz",
			"integrity": "sha1-qVT5Ma66UI0we78Gnv8MAclhFvc="
		},
		"set-blocking": {
			"version": "2.0.0",
			"resolved": "https://registry.npmjs.org/set-blocking/-/set-blocking-2.0.0.tgz",
			"integrity": "sha1-BF+XgtARrppoA93TgrJDkrPYkPc="
		},
		"socket.io": {
			"version": "1.7.4",
			"resolved": "https://registry.npmjs.org/socket.io/-/socket.io-1.7.4.tgz",
			"integrity": "sha1-L37O3DORvy1cc+KR/iM+bjTU3QA=",
			"requires": {
				"debug": "2.3.3",
				"engine.io": "1.8.5",
				"has-binary": "0.1.7",
				"object-assign": "4.1.0",
				"socket.io-adapter": "0.5.0",
				"socket.io-client": "1.7.4",
				"socket.io-parser": "2.3.1"
			}
		},
		"socket.io-adapter": {
			"version": "0.5.0",
			"resolved": "https://registry.npmjs.org/socket.io-adapter/-/socket.io-adapter-0.5.0.tgz",
			"integrity": "sha1-y21LuL7IHhB4uZZ3+c7QBGBmu4s=",
			"requires": {
				"debug": "2.3.3",
				"socket.io-parser": "2.3.1"
			}
		},
		"socket.io-client": {
			"version": "1.7.4",
			"resolved": "https://registry.npmjs.org/socket.io-client/-/socket.io-client-1.7.4.tgz",
			"integrity": "sha1-7J+CA1btme9tNX8HVtZIcXvdQoE=",
			"requires": {
				"backo2": "1.0.2",
				"component-bind": "1.0.0",
				"component-emitter": "1.2.1",
				"debug": "2.3.3",
				"engine.io-client": "1.8.5",
				"has-binary": "0.1.7",
				"indexof": "0.0.1",
				"object-component": "0.0.3",
				"parseuri": "0.0.5",
				"socket.io-parser": "2.3.1",
				"to-array": "0.1.4"
			}
		},
		"socket.io-parser": {
			"version": "2.3.1",
			"resolved": "https://registry.npmjs.org/socket.io-parser/-/socket.io-parser-2.3.1.tgz",
			"integrity": "sha1-3VMgJRA85Clpcya+/WQAX8/ltKA=",
			"requires": {
				"debug": "2.2.0",
				"json3": "3.3.2",
				"component-emitter": "1.1.2",
				"isarray": "0.0.1"
			},
			"dependencies": {
				"component-emitter": {
					"version": "1.1.2",
					"resolved": "https://registry.npmjs.org/component-emitter/-/component-emitter-1.1.2.tgz",
					"integrity": "sha1-KWWU8nU9qmOZbSrwjRWpURbJrsM="
				},
				"debug": {
					"version": "2.2.0",
					"resolved": "https://registry.npmjs.org/debug/-/debug-2.2.0.tgz",
					"integrity": "sha1-+HBX6ZWxofauaklgZkE3vFbwOdo=",
					"requires": {
						"ms": "0.7.1"
					}
				},
				"ms": {
					"version": "0.7.1",
					"resolved": "https://registry.npmjs.org/ms/-/ms-0.7.1.tgz",
					"integrity": "sha1-nNE8A62/8ltl7/3nzoZO6VIBcJg="
				}
			}
		},
		"source-map": {
			"version": "0.6.1",
			"resolved": "https://registry.npmjs.org/source-map/-/source-map-0.6.1.tgz",
			"integrity": "sha1-dHIq8y6WFOnCh6jQu95IteLxomM="
		},
		"sprintf-js": {
			"version": "1.0.3",
			"resolved": "https://registry.npmjs.org/sprintf-js/-/sprintf-js-1.0.3.tgz",
			"integrity": "sha1-BOaSb2YolTVPPdAVIDYzuFcpfiw="
		},
		"str2buf": {
			"version": "1.3.0",
			"resolved": "https://registry.npmjs.org/str2buf/-/str2buf-1.3.0.tgz",
			"integrity": "sha1-pBcq//QxDmcjUXjnOKLbtXOr6tA="
		},
		"string-width": {
			"version": "3.1.0",
			"resolved": "https://registry.npmjs.org/string-width/-/string-width-3.1.0.tgz",
			"integrity": "sha1-InZ74htirxCBV0MG9prFG2IgOWE=",
			"requires": {
				"emoji-regex": "7.0.3",
				"is-fullwidth-code-point": "2.0.0",
				"strip-ansi": "5.2.0"
			}
		},
		"string.prototype.trimleft": {
			"version": "2.1.1",
			"resolved": "https://registry.npmjs.org/string.prototype.trimleft/-/string.prototype.trimleft-2.1.1.tgz",
			"integrity": "sha1-m9uKxqvW1gKxek7TIYcNL43O/HQ=",
			"requires": {
				"define-properties": "1.1.3",
				"function-bind": "1.1.1"
			}
		},
		"string.prototype.trimright": {
			"version": "2.1.1",
			"resolved": "https://registry.npmjs.org/string.prototype.trimright/-/string.prototype.trimright-2.1.1.tgz",
			"integrity": "sha1-RAMUsVmWyGbOigNBiU1FGGIAxdk=",
			"requires": {
				"define-properties": "1.1.3",
				"function-bind": "1.1.1"
			}
		},
		"strip-ansi": {
			"version": "5.2.0",
			"resolved": "https://registry.npmjs.org/strip-ansi/-/strip-ansi-5.2.0.tgz",
			"integrity": "sha1-jJpTb+tq/JYr36WxBKUJHBrZwK4=",
			"requires": {
				"ansi-regex": "4.1.0"
			}
		},
		"strip-json-comments": {
			"version": "2.0.1",
			"resolved": "https://registry.npmjs.org/strip-json-comments/-/strip-json-comments-2.0.1.tgz",
			"integrity": "sha1-PFMZQukIwml8DsNEhYwobHygpgo="
		},
		"supports-color": {
			"version": "6.0.0",
			"resolved": "https://registry.npmjs.org/supports-color/-/supports-color-6.0.0.tgz",
			"integrity": "sha1-ds/nQs8fQbubHCmtAwaMBbTA5Ao=",
			"requires": {
				"has-flag": "3.0.0"
			}
		},
		"text-encoding": {
			"version": "0.7.0",
			"resolved": "https://registry.npmjs.org/text-encoding/-/text-encoding-0.7.0.tgz",
			"integrity": "sha1-+JXoNuRZkGJAhmAXmOqY6PNu5kM="
		},
		"to-array": {
			"version": "0.1.4",
			"resolved": "https://registry.npmjs.org/to-array/-/to-array-0.1.4.tgz",
			"integrity": "sha1-F+bBH3PdTz10zaek/zI46a2b+JA="
		},
		"ts-toolbelt": {
			"version": "6.1.13",
			"resolved": "https://registry.npmjs.org/ts-toolbelt/-/ts-toolbelt-6.1.13.tgz",
			"integrity": "sha1-EpNbyLgQUuXiHq3dNTcucTINfuM="
		},
		"ts-type": {
			"version": "1.2.13",
			"resolved": "https://registry.npmjs.org/ts-type/-/ts-type-1.2.13.tgz",
			"integrity": "sha1-668v0DgmNY3uXyDniiLWqW2x95E=",
			"requires": {
				"ts-toolbelt": "6.1.13",
				"typedarray-dts": "1.0.0"
			}
		},
		"tslib": {
			"version": "1.10.0",
			"resolved": "https://registry.npmjs.org/tslib/-/tslib-1.10.0.tgz",
			"integrity": "sha1-w8GflZc/sKYpc/sJ2Q2WHuQ+XIo="
		},
		"typedarray-dts": {
			"version": "1.0.0",
			"resolved": "https://registry.npmjs.org/typedarray-dts/-/typedarray-dts-1.0.0.tgz",
			"integrity": "sha1-neyYEThtv7qWTClcJgbPmmuYLQY="
		},
		"uglify-js": {
			"version": "3.7.7",
			"resolved": "https://registry.npmjs.org/uglify-js/-/uglify-js-3.7.7.tgz",
			"integrity": "sha1-IeUsfczagKU7983mliin5RGuyck=",
			"requires": {
				"commander": "2.20.3",
				"source-map": "0.6.1"
			}
		},
		"ultron": {
			"version": "1.0.2",
			"resolved": "https://registry.npmjs.org/ultron/-/ultron-1.0.2.tgz",
			"integrity": "sha1-rOEWq1V80Zc4ak6I9GhTeMiy5Po="
		},
		"url": {
			"version": "0.10.3",
			"resolved": "https://registry.npmjs.org/url/-/url-0.10.3.tgz",
			"integrity": "sha1-Ah5NnHcF8hu/N9A861h2dAJ3TGQ=",
			"requires": {
				"punycode": "1.3.2",
				"querystring": "0.2.0"
			}
		},
		"uuid": {
			"version": "3.3.2",
			"resolved": "https://registry.npmjs.org/uuid/-/uuid-3.3.2.tgz",
			"integrity": "sha1-G0r0lV6zB3xQHCOHL8ZROBFYcTE="
		},
		"webcrypto-core": {
			"version": "1.0.17",
			"resolved": "https://registry.npmjs.org/webcrypto-core/-/webcrypto-core-1.0.17.tgz",
			"integrity": "sha1-qTVLwLG6ZzXogvQTft4sQ2bmrZs=",
			"requires": {
				"pvtsutils": "1.0.9",
				"tslib": "1.10.0"
			}
		},
		"webcrypto-shim": {
			"version": "0.1.5",
			"resolved": "https://registry.npmjs.org/webcrypto-shim/-/webcrypto-shim-0.1.5.tgz",
			"integrity": "sha1-E+NKAQzMVE7ez+iiZCIEUChBvPA="
		},
		"which": {
			"version": "1.3.1",
			"resolved": "https://registry.npmjs.org/which/-/which-1.3.1.tgz",
			"integrity": "sha1-pFBD1U9YBTFtqNYvn1CRjT2nCwo=",
			"requires": {
				"isexe": "2.0.0"
			}
		},
		"which-module": {
			"version": "2.0.0",
			"resolved": "https://registry.npmjs.org/which-module/-/which-module-2.0.0.tgz",
			"integrity": "sha1-2e8H3Od7mQK4o6j6SzHD4/fm6Ho="
		},
		"wide-align": {
			"version": "1.1.3",
			"resolved": "https://registry.npmjs.org/wide-align/-/wide-align-1.1.3.tgz",
			"integrity": "sha1-rgdOa9wMFKQx6ATmJFScYzsABFc=",
			"requires": {
				"string-width": "2.1.1"
			},
			"dependencies": {
				"ansi-regex": {
					"version": "3.0.0",
					"resolved": "https://registry.npmjs.org/ansi-regex/-/ansi-regex-3.0.0.tgz",
					"integrity": "sha1-7QMXwyIGT3lGbAKWa922Bas32Zg="
				},
				"string-width": {
					"version": "2.1.1",
					"resolved": "https://registry.npmjs.org/string-width/-/string-width-2.1.1.tgz",
					"integrity": "sha1-q5Pyeo3BPSjKyBXEYhQ6bZASrp4=",
					"requires": {
						"is-fullwidth-code-point": "2.0.0",
						"strip-ansi": "4.0.0"
					}
				},
				"strip-ansi": {
					"version": "4.0.0",
					"resolved": "https://registry.npmjs.org/strip-ansi/-/strip-ansi-4.0.0.tgz",
					"integrity": "sha1-qEeQIusaw2iocTibY1JixQXuNo8=",
					"requires": {
						"ansi-regex": "3.0.0"
					}
				}
			}
		},
		"wrap-ansi": {
			"version": "5.1.0",
			"resolved": "https://registry.npmjs.org/wrap-ansi/-/wrap-ansi-5.1.0.tgz",
			"integrity": "sha1-H9H2cjXVttD+54EFYAG/tpTAOwk=",
			"requires": {
				"ansi-styles": "3.2.1",
				"string-width": "3.1.0",
				"strip-ansi": "5.2.0"
			}
		},
		"wrappy": {
			"version": "1.0.2",
			"resolved": "https://registry.npmjs.org/wrappy/-/wrappy-1.0.2.tgz",
			"integrity": "sha1-tSQ9jz7BqjXxNkYFvA0QNuMKtp8="
		},
		"ws": {
			"version": "7.2.1",
			"resolved": "https://registry.npmjs.org/ws/-/ws-7.2.1.tgz",
			"integrity": "sha1-A+1SQjzXRAhLLPQu0ZfItlqTa44="
		},
		"wtf-8": {
			"version": "1.0.0",
			"resolved": "https://registry.npmjs.org/wtf-8/-/wtf-8-1.0.0.tgz",
			"integrity": "sha1-OS2LotDxw00e4tYw8V0O+2jhBIo="
		},
		"xml2js": {
			"version": "0.4.19",
			"resolved": "https://registry.npmjs.org/xml2js/-/xml2js-0.4.19.tgz",
			"integrity": "sha1-aGwg8hMgnpSr8NG88e+qKRx4J6c=",
			"requires": {
				"sax": "1.2.4",
				"xmlbuilder": "9.0.7"
			},
			"dependencies": {
				"sax": {
					"version": "1.2.4",
					"resolved": "https://registry.npmjs.org/sax/-/sax-1.2.4.tgz",
					"integrity": "sha1-KBYjTiN4vdxOU1T6tcqold9xANk="
				}
			}
		},
		"xmlbuilder": {
			"version": "9.0.7",
			"resolved": "https://registry.npmjs.org/xmlbuilder/-/xmlbuilder-9.0.7.tgz",
			"integrity": "sha1-Ey7mPS7FVlxVfiD0wi35rKaGsQ0="
		},
		"xmlhttprequest-ssl": {
			"version": "1.5.3",
			"resolved": "https://registry.npmjs.org/xmlhttprequest-ssl/-/xmlhttprequest-ssl-1.5.3.tgz",
			"integrity": "sha1-GFqIjATspGw+QHDZn3tJ3jUomS0="
		},
		"y18n": {
			"version": "4.0.0",
			"resolved": "https://registry.npmjs.org/y18n/-/y18n-4.0.0.tgz",
			"integrity": "sha1-le+U+F7MgdAHwmThkKEg8KPIVms="
		},
		"yargs": {
			"version": "13.3.0",
			"resolved": "https://registry.npmjs.org/yargs/-/yargs-13.3.0.tgz",
			"integrity": "sha1-TGV6VeB+Xyz5R/ijZlZ8BKDe3IM=",
			"requires": {
				"cliui": "5.0.0",
				"find-up": "3.0.0",
				"get-caller-file": "2.0.5",
				"require-directory": "2.1.1",
				"require-main-filename": "2.0.0",
				"set-blocking": "2.0.0",
				"string-width": "3.1.0",
				"which-module": "2.0.0",
				"y18n": "4.0.0",
				"yargs-parser": "13.1.1"
			}
		},
		"yargs-parser": {
			"version": "13.1.1",
			"resolved": "https://registry.npmjs.org/yargs-parser/-/yargs-parser-13.1.1.tgz",
			"integrity": "sha1-0mBYUyqgbTZf4JH2ofwGsvfl7KA=",
			"requires": {
				"camelcase": "5.3.1",
				"decamelize": "1.2.0"
			}
		},
		"yargs-unparser": {
			"version": "1.6.0",
			"resolved": "https://registry.npmjs.org/yargs-unparser/-/yargs-unparser-1.6.0.tgz",
			"integrity": "sha1-7yXCx2n/a9CeSw+dfGBfsnhG6p8=",
			"requires": {
				"flat": "4.1.0",
				"lodash": "4.17.15",
				"yargs": "13.3.0"
			}
		},
		"yeast": {
			"version": "0.1.2",
			"resolved": "https://registry.npmjs.org/yeast/-/yeast-0.1.2.tgz",
			"integrity": "sha1-AI4G2AlDIMNy28L47XagymyKxBk="
		},
		"@peculiar/asn1-schema": {
			"version": "1.0.3",
			"resolved": "https://registry.npmjs.org/@peculiar/asn1-schema/-/asn1-schema-1.0.3.tgz",
			"integrity": "sha1-5V/56Yoc8xgyYpqrrPhb4+3xOkg=",
			"requires": {
				"tslib": "1.10.0",
				"asn1js": "2.0.26"
			}
		},
		"@peculiar/json-schema": {
			"version": "1.1.9",
			"resolved": "https://registry.npmjs.org/@peculiar/json-schema/-/json-schema-1.1.9.tgz",
			"integrity": "sha1-t0bgRreHYHobKAT2RDf9olJ7PmI=",
			"requires": {
				"tslib": "1.10.0"
			}
		},
		"@peculiar/webcrypto": {
			"version": "1.0.22",
			"resolved": "https://registry.npmjs.org/@peculiar/webcrypto/-/webcrypto-1.0.22.tgz",
			"integrity": "sha1-na5lL85rrNnfFbyRlleXzuM632c=",
			"requires": {
				"@peculiar/asn1-schema": "1.0.3",
				"@peculiar/json-schema": "1.1.9",
				"asn1js": "2.0.26",
				"pvtsutils": "1.0.9",
				"tslib": "1.10.0",
				"webcrypto-core": "1.0.17"
			}
		},
		"@types/ip": {
			"version": "1.1.0",
			"resolved": "https://registry.npmjs.org/@types/ip/-/ip-1.1.0.tgz",
			"integrity": "sha1-rsT1v9SeSkxTtZDYjDbrB4gnp8A=",
			"requires": {
				"@types/node": "13.7.0"
			}
		},
		"@types/mocha": {
			"version": "7.0.1",
			"resolved": "https://registry.npmjs.org/@types/mocha/-/mocha-7.0.1.tgz",
			"integrity": "sha1-XX7Cp4mh93xZt60HG51Qvxq7/J4="
		},
		"@types/node": {
			"version": "13.7.0",
			"resolved": "https://registry.npmjs.org/@types/node/-/node-13.7.0.tgz",
			"integrity": "sha1-tBfe2hjPhADyeHM0ma1VR+0avsQ="
		},
		"@types/uglify-js": {
			"version": "3.0.4",
			"resolved": "https://registry.npmjs.org/@types/uglify-js/-/uglify-js-3.0.4.tgz",
			"integrity": "sha1-lr6uI99vVhhiqDC0KIpJ6GuqwII=",
			"requires": {
				"source-map": "0.6.1"
			}
		},
		"@types/ws": {
			"version": "7.2.1",
			"resolved": "https://registry.npmjs.org/@types/ws/-/ws-7.2.1.tgz",
			"integrity": "sha1-uADyuK7mlOK1gRE2Q+INed07hVY=",
			"requires": {
				"@types/node": "13.7.0"
			}
		},
		"@unimodules/core": {
			"version": "5.0.0",
			"resolved": "https://registry.npmjs.org/@unimodules/core/-/core-5.0.0.tgz",
			"integrity": "sha1-4ePKP5Hz0n28k8buvAOkDHEdp1U=",
			"requires": {
				"compare-versions": "3.5.1"
			}
		},
		"@unimodules/react-native-adapter": {
			"version": "5.0.0",
			"resolved": "https://registry.npmjs.org/@unimodules/react-native-adapter/-/react-native-adapter-5.0.0.tgz",
			"integrity": "sha1-r5g1ghor84OQufCfMjHAt1Ru5RA=",
			"requires": {
				"invariant": "2.2.4",
				"lodash": "4.17.15",
				"prop-types": "15.7.2"
			}
		}
	}
}
