{
  "name": "gun",
  "version": "0.2019.711",
  "lockfileVersion": 1,
  "requires": true,
  "dependencies": {
    "addressparser": {
      "version": "0.3.2",
      "resolved": "https://registry.npmjs.org/addressparser/-/addressparser-0.3.2.tgz",
      "integrity": "sha1-WYc/Nej89sc2HBAjkmHXbhU0i7I=",
      "optional": true
    },
    "after": {
      "version": "0.8.2",
      "resolved": "https://registry.npmjs.org/after/-/after-0.8.2.tgz",
      "integrity": "sha1-/ts5T58OAqqXaOcCvaI7UF+ufh8=",
      "dev": true
    },
    "arraybuffer.slice": {
      "version": "0.0.6",
      "resolved": "https://registry.npmjs.org/arraybuffer.slice/-/arraybuffer.slice-0.0.6.tgz",
      "integrity": "sha1-8zshWfBTKj8xB6JywMz70a0peco=",
      "dev": true
    },
    "async-limiter": {
      "version": "1.0.0",
      "resolved": "https://registry.npmjs.org/async-limiter/-/async-limiter-1.0.0.tgz",
      "integrity": "sha512-jp/uFnooOiO+L211eZOoSyzpOITMXx1rBITauYykG3BRYPu8h0UcxsPNB04RR5vo4Tyz3+ay17tR6JVf9qzYWg=="
    },
    "aws-sdk": {
      "version": "2.238.1",
      "resolved": "https://registry.npmjs.org/aws-sdk/-/aws-sdk-2.238.1.tgz",
      "integrity": "sha1-o1/ewSLtkV2kkIQOiCgzbaW+Tn8=",
      "dev": true,
      "requires": {
        "buffer": "4.9.1",
        "events": "1.1.1",
        "ieee754": "1.1.8",
        "jmespath": "0.15.0",
        "querystring": "0.2.0",
        "sax": "1.2.1",
        "url": "0.10.3",
        "uuid": "3.1.0",
        "xml2js": "0.4.17",
        "xmlbuilder": "4.2.1"
      }
    },
    "backo2": {
      "version": "1.0.2",
      "resolved": "https://registry.npmjs.org/backo2/-/backo2-1.0.2.tgz",
      "integrity": "sha1-MasayLEpNjRj41s+u2n038+6eUc=",
      "dev": true
    },
    "balanced-match": {
      "version": "1.0.0",
      "resolved": "https://registry.npmjs.org/balanced-match/-/balanced-match-1.0.0.tgz",
      "integrity": "sha1-ibTRmasr7kneFk6gK4nORi1xt2c=",
      "dev": true
    },
    "base64-arraybuffer": {
      "version": "0.1.5",
      "resolved": "https://registry.npmjs.org/base64-arraybuffer/-/base64-arraybuffer-0.1.5.tgz",
      "integrity": "sha1-c5JncZI7Whl0etZmqlzUv5xunOg=",
      "dev": true
    },
    "base64-js": {
      "version": "1.3.0",
      "resolved": "https://registry.npmjs.org/base64-js/-/base64-js-1.3.0.tgz",
      "integrity": "sha512-ccav/yGvoa80BQDljCxsmmQ3Xvx60/UpBIij5QN21W3wBi/hhIC9OoO+KLpu9IJTS9j4DRVJ3aDDF9cMSoa2lw==",
      "dev": true
    },
    "base64id": {
      "version": "1.0.0",
      "resolved": "https://registry.npmjs.org/base64id/-/base64id-1.0.0.tgz",
      "integrity": "sha1-R2iMuZu2gE8OBtPnY7HDLlfY5rY=",
      "dev": true
    },
    "better-assert": {
      "version": "1.0.2",
      "resolved": "https://registry.npmjs.org/better-assert/-/better-assert-1.0.2.tgz",
      "integrity": "sha1-QIZrnhueC1W0gYlDEeaPr/rrxSI=",
      "dev": true,
      "requires": {
        "callsite": "1.0.0"
      }
    },
    "blob": {
      "version": "0.0.4",
      "resolved": "https://registry.npmjs.org/blob/-/blob-0.0.4.tgz",
      "integrity": "sha1-vPEwUspURj8w+fx+lbmkdjCpSSE=",
      "dev": true
    },
    "bluebird": {
      "version": "3.5.1",
      "resolved": "https://registry.npmjs.org/bluebird/-/bluebird-3.5.1.tgz",
      "integrity": "sha512-MKiLiV+I1AA596t9w1sQJ8jkiSr5+ZKi0WKrYGUn6d1Fx+Ij4tIj+m2WMQSGczs5jZVxV339chE8iwk6F64wjA==",
      "dev": true
    },
    "brace-expansion": {
      "version": "1.1.11",
      "resolved": "https://registry.npmjs.org/brace-expansion/-/brace-expansion-1.1.11.tgz",
      "integrity": "sha512-iCuPHDFgrHX7H2vEI/5xpz07zSHB00TpugqhmYtVmMO6518mCuRMoOYFldEBl0g187ufozdaHgWKcYFb61qGiA==",
      "dev": true,
      "requires": {
        "balanced-match": "^1.0.0",
        "concat-map": "0.0.1"
      }
    },
    "browser-stdout": {
      "version": "1.3.1",
      "resolved": "https://registry.npmjs.org/browser-stdout/-/browser-stdout-1.3.1.tgz",
      "integrity": "sha512-qhAVI1+Av2X7qelOfAIYwXONood6XlZE/fXaBSmW/T5SzLAmCgzi+eiWE7fUvbHaeNBQH13UftjpXxsfLkMpgw==",
      "dev": true
    },
    "buffer": {
      "version": "4.9.1",
      "resolved": "https://registry.npmjs.org/buffer/-/buffer-4.9.1.tgz",
      "integrity": "sha1-bRu2AbB6TvztlwlBMgkwJ8lbwpg=",
      "dev": true,
      "requires": {
        "base64-js": "^1.0.2",
        "ieee754": "^1.1.4",
        "isarray": "^1.0.0"
      }
    },
    "callsite": {
      "version": "1.0.0",
      "resolved": "https://registry.npmjs.org/callsite/-/callsite-1.0.0.tgz",
      "integrity": "sha1-KAOY5dZkvXQDi28JBRU+borxvCA=",
      "dev": true
    },
    "commander": {
      "version": "2.15.1",
      "resolved": "https://registry.npmjs.org/commander/-/commander-2.15.1.tgz",
      "integrity": "sha512-VlfT9F3V0v+jr4yxPc5gg9s62/fIVWsd2Bk2iD435um1NlGMYdVCq+MjcXnhYq2icNOizHr1kK+5TI6H0Hy0ag==",
      "dev": true
    },
    "component-bind": {
      "version": "1.0.0",
      "resolved": "https://registry.npmjs.org/component-bind/-/component-bind-1.0.0.tgz",
      "integrity": "sha1-AMYIq33Nk4l8AAllGx06jh5zu9E=",
      "dev": true
    },
    "component-emitter": {
      "version": "1.2.1",
      "resolved": "https://registry.npmjs.org/component-emitter/-/component-emitter-1.2.1.tgz",
      "integrity": "sha1-E3kY1teCg/ffemt8WmPhQOaUJeY=",
      "dev": true
    },
    "component-inherit": {
      "version": "0.0.3",
      "resolved": "https://registry.npmjs.org/component-inherit/-/component-inherit-0.0.3.tgz",
      "integrity": "sha1-ZF/ErfWLcrZJ1crmUTVhnbJv8UM=",
      "dev": true
    },
    "concat-map": {
      "version": "0.0.1",
      "resolved": "https://registry.npmjs.org/concat-map/-/concat-map-0.0.1.tgz",
      "integrity": "sha1-2Klr13/Wjfd5OnMDajug1UBdR3s=",
      "dev": true
    },
    "cookie": {
      "version": "0.3.1",
      "resolved": "https://registry.npmjs.org/cookie/-/cookie-0.3.1.tgz",
      "integrity": "sha1-5+Ch+e9DtMi6klxcWpboBtFoc7s=",
      "dev": true
    },
    "diff": {
      "version": "3.5.0",
      "resolved": "https://registry.npmjs.org/diff/-/diff-3.5.0.tgz",
      "integrity": "sha512-A46qtFgd+g7pDZinpnwiRJtxbC1hpgf0uzP3iG89scHk0AUC7A1TGxf5OiiOUv/JMZR8GOt8hL900hV0bOy5xA==",
      "dev": true
    },
    "emailjs": {
      "version": "2.2.0",
      "resolved": "https://registry.npmjs.org/emailjs/-/emailjs-2.2.0.tgz",
      "integrity": "sha1-ulsj5KSwpFEPZS6HOxVOlAe2ygM=",
      "optional": true,
      "requires": {
        "addressparser": "^0.3.2",
        "emailjs-mime-codec": "^2.0.7"
      }
    },
    "emailjs-base64": {
      "version": "1.1.4",
      "resolved": "https://registry.npmjs.org/emailjs-base64/-/emailjs-base64-1.1.4.tgz",
      "integrity": "sha512-4h0xp1jgVTnIQBHxSJWXWanNnmuc5o+k4aHEpcLXSToN8asjB5qbXAexs7+PEsUKcEyBteNYsSvXUndYT2CGGA==",
      "optional": true
    },
    "emailjs-mime-codec": {
      "version": "2.0.9",
      "resolved": "https://registry.npmjs.org/emailjs-mime-codec/-/emailjs-mime-codec-2.0.9.tgz",
      "integrity": "sha512-7qJo4pFGcKlWh/kCeNjmcgj34YoJWY0ekZXEHYtluWg4MVBnXqGM4CRMtZQkfYwitOhUgaKN5EQktJddi/YIDQ==",
      "optional": true,
      "requires": {
        "emailjs-base64": "^1.1.4",
        "ramda": "^0.26.1",
        "text-encoding": "^0.7.0"
      }
    },
    "engine.io": {
      "version": "1.8.5",
      "resolved": "https://registry.npmjs.org/engine.io/-/engine.io-1.8.5.tgz",
      "integrity": "sha512-j1DWIcktw4hRwrv6nWx++5nFH2X64x16MAG2P0Lmi5Dvdfi3I+Jhc7JKJIdAmDJa+5aZ/imHV7dWRPy2Cqjh3A==",
      "dev": true,
      "requires": {
        "accepts": "1.3.3",
        "base64id": "1.0.0",
        "cookie": "0.3.1",
        "debug": "2.3.3",
        "engine.io-parser": "1.3.2",
        "ws": "~1.1.5"
      },
      "dependencies": {
        "accepts": {
          "version": "1.3.3",
          "resolved": "https://registry.npmjs.org/accepts/-/accepts-1.3.3.tgz",
          "integrity": "sha1-w8p0NJOGSMPg2cHjKN1otiLChMo=",
          "dev": true,
          "requires": {
            "mime-types": "~2.1.11",
            "negotiator": "0.6.1"
          }
        },
        "debug": {
          "version": "2.3.3",
          "resolved": "https://registry.npmjs.org/debug/-/debug-2.3.3.tgz",
          "integrity": "sha1-QMRT5n5uE8kB3ewxeviYbNqe/4w=",
          "dev": true,
          "requires": {
            "ms": "0.7.2"
          }
        },
        "ms": {
          "version": "0.7.2",
          "resolved": "https://registry.npmjs.org/ms/-/ms-0.7.2.tgz",
          "integrity": "sha1-riXPJRKziFodldfwN4aNhDESR2U=",
          "dev": true
        },
        "ultron": {
          "version": "1.0.2",
          "resolved": "https://registry.npmjs.org/ultron/-/ultron-1.0.2.tgz",
          "integrity": "sha1-rOEWq1V80Zc4ak6I9GhTeMiy5Po=",
          "dev": true
        },
        "ws": {
          "version": "1.1.5",
          "resolved": "https://registry.npmjs.org/ws/-/ws-1.1.5.tgz",
          "integrity": "sha512-o3KqipXNUdS7wpQzBHSe180lBGO60SoK0yVo3CYJgb2MkobuWuBX6dhkYP5ORCLd55y+SaflMOV5fqAB53ux4w==",
          "dev": true,
          "requires": {
            "options": ">=0.0.5",
            "ultron": "1.0.x"
          }
        }
      }
    },
    "engine.io-client": {
      "version": "1.8.5",
      "resolved": "https://registry.npmjs.org/engine.io-client/-/engine.io-client-1.8.5.tgz",
      "integrity": "sha512-AYTgHyeVUPitsseqjoedjhYJapNVoSPShbZ+tEUX9/73jgZ/Z3sUlJf9oYgdEBBdVhupUpUqSxH0kBCXlQnmZg==",
      "dev": true,
      "requires": {
        "component-emitter": "1.2.1",
        "component-inherit": "0.0.3",
        "debug": "2.3.3",
        "engine.io-parser": "1.3.2",
        "has-cors": "1.1.0",
        "indexof": "0.0.1",
        "parsejson": "0.0.3",
        "parseqs": "0.0.5",
        "parseuri": "0.0.5",
        "ws": "~1.1.5",
        "xmlhttprequest-ssl": "1.5.3",
        "yeast": "0.1.2"
      },
      "dependencies": {
        "debug": {
          "version": "2.3.3",
          "resolved": "https://registry.npmjs.org/debug/-/debug-2.3.3.tgz",
          "integrity": "sha1-QMRT5n5uE8kB3ewxeviYbNqe/4w=",
          "dev": true,
          "requires": {
            "ms": "0.7.2"
          }
        },
        "ms": {
          "version": "0.7.2",
          "resolved": "https://registry.npmjs.org/ms/-/ms-0.7.2.tgz",
          "integrity": "sha1-riXPJRKziFodldfwN4aNhDESR2U=",
          "dev": true
        },
        "ultron": {
          "version": "1.0.2",
          "resolved": "https://registry.npmjs.org/ultron/-/ultron-1.0.2.tgz",
          "integrity": "sha1-rOEWq1V80Zc4ak6I9GhTeMiy5Po=",
          "dev": true
        },
        "ws": {
          "version": "1.1.5",
          "resolved": "https://registry.npmjs.org/ws/-/ws-1.1.5.tgz",
          "integrity": "sha512-o3KqipXNUdS7wpQzBHSe180lBGO60SoK0yVo3CYJgb2MkobuWuBX6dhkYP5ORCLd55y+SaflMOV5fqAB53ux4w==",
          "dev": true,
          "requires": {
            "options": ">=0.0.5",
            "ultron": "1.0.x"
          }
        }
      }
    },
    "engine.io-parser": {
      "version": "1.3.2",
      "resolved": "https://registry.npmjs.org/engine.io-parser/-/engine.io-parser-1.3.2.tgz",
      "integrity": "sha1-k3sHnwAH0Ik+xW1GyyILjLQ1Igo=",
      "dev": true,
      "requires": {
        "after": "0.8.2",
        "arraybuffer.slice": "0.0.6",
        "base64-arraybuffer": "0.1.5",
        "blob": "0.0.4",
        "has-binary": "0.1.7",
        "wtf-8": "1.0.0"
      }
    },
    "escape-string-regexp": {
      "version": "1.0.5",
      "resolved": "https://registry.npmjs.org/escape-string-regexp/-/escape-string-regexp-1.0.5.tgz",
      "integrity": "sha1-G2HAViGQqN/2rjuyzwIAyhMLhtQ=",
      "dev": true
    },
    "events": {
      "version": "1.1.1",
      "resolved": "https://registry.npmjs.org/events/-/events-1.1.1.tgz",
      "integrity": "sha1-nr23Y1rQmccNzEwqH1AEKI6L2SQ=",
      "dev": true
    },
    "fs.realpath": {
      "version": "1.0.0",
      "resolved": "https://registry.npmjs.org/fs.realpath/-/fs.realpath-1.0.0.tgz",
      "integrity": "sha1-FQStJSMVjKpA20onh8sBQRmU6k8=",
      "dev": true
    },
    "glob": {
      "version": "7.1.2",
      "resolved": "https://registry.npmjs.org/glob/-/glob-7.1.2.tgz",
      "integrity": "sha512-MJTUg1kjuLeQCJ+ccE4Vpa6kKVXkPYJ2mOCQyUuKLcLQsdrMCpBPUi8qVE6+YuaJkozeA9NusTAw3hLr8Xe5EQ==",
      "dev": true,
      "requires": {
        "fs.realpath": "^1.0.0",
        "inflight": "^1.0.4",
        "inherits": "2",
        "minimatch": "^3.0.4",
        "once": "^1.3.0",
        "path-is-absolute": "^1.0.0"
      }
    },
    "growl": {
      "version": "1.10.5",
      "resolved": "https://registry.npmjs.org/growl/-/growl-1.10.5.tgz",
      "integrity": "sha512-qBr4OuELkhPenW6goKVXiv47US3clb3/IbuWF9KNKEijAy9oeHxU9IgzjvJhHkUzhaj7rOUD7+YGWqUjLp5oSA==",
      "dev": true
    },
    "has-binary": {
      "version": "0.1.7",
      "resolved": "https://registry.npmjs.org/has-binary/-/has-binary-0.1.7.tgz",
      "integrity": "sha1-aOYesWIQyVRaClzOBqhzkS/h5ow=",
      "dev": true,
      "requires": {
        "isarray": "0.0.1"
      },
      "dependencies": {
        "isarray": {
          "version": "0.0.1",
          "resolved": "https://registry.npmjs.org/isarray/-/isarray-0.0.1.tgz",
          "integrity": "sha1-ihis/Kmo9Bd+Cav8YDiTmwXR7t8=",
          "dev": true
        }
      }
    },
    "has-cors": {
      "version": "1.1.0",
      "resolved": "https://registry.npmjs.org/has-cors/-/has-cors-1.1.0.tgz",
      "integrity": "sha1-XkdHk/fqmEPRu5nCPu9J/xJv/zk=",
      "dev": true
    },
    "has-flag": {
      "version": "3.0.0",
      "resolved": "https://registry.npmjs.org/has-flag/-/has-flag-3.0.0.tgz",
      "integrity": "sha1-tdRU3CGZriJWmfNGfloH87lVuv0=",
      "dev": true
    },
    "he": {
      "version": "1.1.1",
      "resolved": "https://registry.npmjs.org/he/-/he-1.1.1.tgz",
      "integrity": "sha1-k0EP0hsAlzUVH4howvJx80J+I/0=",
      "dev": true
    },
    "ieee754": {
      "version": "1.1.8",
      "resolved": "https://registry.npmjs.org/ieee754/-/ieee754-1.1.8.tgz",
      "integrity": "sha1-vjPUCsEO8ZJnAfbwii2G+/0a0+Q=",
      "dev": true
    },
    "indexof": {
      "version": "0.0.1",
      "resolved": "https://registry.npmjs.org/indexof/-/indexof-0.0.1.tgz",
      "integrity": "sha1-gtwzbSMrkGIXnQWrMpOmYFn9Q10=",
      "dev": true
    },
    "inflight": {
      "version": "1.0.6",
      "resolved": "https://registry.npmjs.org/inflight/-/inflight-1.0.6.tgz",
      "integrity": "sha1-Sb1jMdfQLQwJvJEKEHW6gWW1bfk=",
      "dev": true,
      "requires": {
        "once": "^1.3.0",
        "wrappy": "1"
      }
    },
    "inherits": {
      "version": "2.0.3",
      "resolved": "https://registry.npmjs.org/inherits/-/inherits-2.0.3.tgz",
      "integrity": "sha1-Yzwsg+PaQqUC9SRmAiSA9CCCYd4=",
      "dev": true
    },
    "ip": {
      "version": "1.1.5",
      "resolved": "https://registry.npmjs.org/ip/-/ip-1.1.5.tgz",
      "integrity": "sha1-vd7XARQpCCjAoDnnLvJfWq7ENUo=",
      "dev": true
    },
    "is-promise": {
      "version": "2.1.0",
      "resolved": "https://registry.npmjs.org/is-promise/-/is-promise-2.1.0.tgz",
      "integrity": "sha1-eaKp7OfwlugPNtKy87wWwf9L8/o=",
      "dev": true
    },
    "isarray": {
      "version": "1.0.0",
      "resolved": "https://registry.npmjs.org/isarray/-/isarray-1.0.0.tgz",
      "integrity": "sha1-u5NdSFgsuhaMBoNJV6VKPgcSTxE=",
      "dev": true
    },
    "jmespath": {
      "version": "0.15.0",
      "resolved": "https://registry.npmjs.org/jmespath/-/jmespath-0.15.0.tgz",
      "integrity": "sha1-o/Iiqarp+Wb10nx5ZRDigJF2Qhc=",
      "dev": true
    },
    "json3": {
      "version": "3.3.2",
      "resolved": "https://registry.npmjs.org/json3/-/json3-3.3.2.tgz",
      "integrity": "sha1-PAQ0dD35Pi9cQq7nsZvLSDV19OE=",
      "dev": true
    },
    "lodash": {
      "version": "4.17.10",
      "resolved": "https://registry.npmjs.org/lodash/-/lodash-4.17.10.tgz",
      "integrity": "sha512-UejweD1pDoXu+AD825lWwp4ZGtSwgnpZxb3JDViD7StjQz+Nb/6l093lx4OQ0foGWNRoc19mWy7BzL+UAK2iVg==",
      "dev": true
    },
    "mime-db": {
      "version": "1.33.0",
      "resolved": "https://registry.npmjs.org/mime-db/-/mime-db-1.33.0.tgz",
      "integrity": "sha512-BHJ/EKruNIqJf/QahvxwQZXKygOQ256myeN/Ew+THcAa5q+PjyTTMMeNQC4DZw5AwfvelsUrA6B67NKMqXDbzQ==",
      "dev": true
    },
    "mime-types": {
      "version": "2.1.18",
      "resolved": "https://registry.npmjs.org/mime-types/-/mime-types-2.1.18.tgz",
      "integrity": "sha512-lc/aahn+t4/SWV/qcmumYjymLsWfN3ELhpmVuUFjgsORruuZPVSwAQryq+HHGvO/SI2KVX26bx+En+zhM8g8hQ==",
      "dev": true,
      "requires": {
        "mime-db": "~1.33.0"
      }
    },
    "minimatch": {
      "version": "3.0.4",
      "resolved": "https://registry.npmjs.org/minimatch/-/minimatch-3.0.4.tgz",
      "integrity": "sha512-yJHVQEhyqPLUTgt9B83PXu6W3rx4MvvHvSUvToogpwoGDOUQ+yDrR0HRot+yOCdCO7u4hX3pWft6kWBBcqh0UA==",
      "dev": true,
      "requires": {
        "brace-expansion": "^1.1.7"
      }
    },
    "minimist": {
      "version": "0.0.8",
      "resolved": "https://registry.npmjs.org/minimist/-/minimist-0.0.8.tgz",
      "integrity": "sha1-hX/Kv8M5fSYluCKCYuhqp6ARsF0="
    },
    "mkdirp": {
      "version": "0.5.1",
      "resolved": "https://registry.npmjs.org/mkdirp/-/mkdirp-0.5.1.tgz",
      "integrity": "sha1-MAV0OOrGz3+MR2fzhkjWaX11yQM=",
      "requires": {
        "minimist": "0.0.8"
      }
    },
    "mocha": {
      "version": "5.2.0",
      "resolved": "https://registry.npmjs.org/mocha/-/mocha-5.2.0.tgz",
      "integrity": "sha512-2IUgKDhc3J7Uug+FxMXuqIyYzH7gJjXECKe/w43IGgQHTSj3InJi+yAA7T24L9bQMRKiUEHxEX37G5JpVUGLcQ==",
      "dev": true,
      "requires": {
        "browser-stdout": "1.3.1",
        "commander": "2.15.1",
        "debug": "3.1.0",
        "diff": "3.5.0",
        "escape-string-regexp": "1.0.5",
        "glob": "7.1.2",
        "growl": "1.10.5",
        "he": "1.1.1",
        "minimatch": "3.0.4",
        "mkdirp": "0.5.1",
        "supports-color": "5.4.0"
      },
      "dependencies": {
        "debug": {
          "version": "3.1.0",
          "resolved": "https://registry.npmjs.org/debug/-/debug-3.1.0.tgz",
          "integrity": "sha512-OX8XqP7/1a9cqkxYw2yXss15f26NKWBpDXQd0/uK/KPqdQhxbPa994hnzjcE2VqQpDslf55723cKPUOGSmMY3g==",
          "dev": true,
          "requires": {
            "ms": "2.0.0"
          }
        }
      }
    },
    "ms": {
      "version": "2.0.0",
      "resolved": "https://registry.npmjs.org/ms/-/ms-2.0.0.tgz",
      "integrity": "sha1-VgiurfwAvmwpAd9fmGF4jeDVl8g=",
      "dev": true
    },
    "nan": {
      "version": "2.14.0",
      "resolved": "https://registry.npmjs.org/nan/-/nan-2.14.0.tgz",
      "integrity": "sha512-INOFj37C7k3AfaNTtX8RhsTw7qRy7eLET14cROi9+5HAVbbHuIWUHEauBv5qT4Av2tWasiTY1Jw6puUNqRJXQg==",
      "optional": true
    },
    "negotiator": {
      "version": "0.6.1",
      "resolved": "https://registry.npmjs.org/negotiator/-/negotiator-0.6.1.tgz",
      "integrity": "sha1-KzJxhOiZIQEXeyhWP7XnECrNDKk=",
      "dev": true
    },
    "node-webcrypto-ossl": {
      "version": "1.0.47",
      "resolved": "https://registry.npmjs.org/node-webcrypto-ossl/-/node-webcrypto-ossl-1.0.47.tgz",
      "integrity": "sha512-73q5ClXxhr7c1LE5dYajdnCVAPr0dhceX/qkATmJGQWyn7xTLgW9s727Bep/6JPqdnx5v7aBraPc+1c2nqjctw==",
      "optional": true,
      "requires": {
        "mkdirp": "^0.5.1",
        "nan": "^2.13.2",
        "tslib": "^1.9.3",
        "webcrypto-core": "^0.1.26"
      }
    },
    "object-assign": {
      "version": "4.1.0",
      "resolved": "https://registry.npmjs.org/object-assign/-/object-assign-4.1.0.tgz",
      "integrity": "sha1-ejs9DpgGPUP0wD8uiubNUahog6A=",
      "dev": true
    },
    "object-component": {
      "version": "0.0.3",
      "resolved": "https://registry.npmjs.org/object-component/-/object-component-0.0.3.tgz",
      "integrity": "sha1-8MaapQ78lbhmwYb0AKM3acsvEpE=",
      "dev": true
    },
    "once": {
      "version": "1.4.0",
      "resolved": "https://registry.npmjs.org/once/-/once-1.4.0.tgz",
      "integrity": "sha1-WDsap3WWHUsROsF9nFC6753Xa9E=",
      "dev": true,
      "requires": {
        "wrappy": "1"
      }
    },
    "options": {
      "version": "0.0.6",
      "resolved": "https://registry.npmjs.org/options/-/options-0.0.6.tgz",
      "integrity": "sha1-7CLTEoBrtT5zF3Pnza788cZDEo8=",
      "dev": true
    },
    "panic-client": {
      "version": "1.0.2",
      "resolved": "https://registry.npmjs.org/panic-client/-/panic-client-1.0.2.tgz",
      "integrity": "sha1-4+yr3DQn6vELowviJZAaehGasXM=",
      "dev": true,
      "requires": {
        "bluebird": "^3.4.6",
        "is-promise": "^2.1.0",
        "platform": "1.3.1",
        "socket.io-client": "^1.4.5"
      }
    },
    "panic-manager": {
      "version": "1.2.0",
      "resolved": "https://registry.npmjs.org/panic-manager/-/panic-manager-1.2.0.tgz",
      "integrity": "sha1-0tvHdgIAMsWwEw0QW/vqewZnMh4=",
      "dev": true,
      "requires": {
        "isarray": "^2.0.0",
        "panic-client": "^1.0.0",
        "socket.io": "^1.4.8",
        "socket.io-client": "^1.4.8"
      },
      "dependencies": {
        "isarray": {
          "version": "2.0.4",
          "resolved": "https://registry.npmjs.org/isarray/-/isarray-2.0.4.tgz",
          "integrity": "sha512-GMxXOiUirWg1xTKRipM0Ek07rX+ubx4nNVElTJdNLYmNO/2YrDkgJGw9CljXn+r4EWiDQg/8lsRdHyg2PJuUaA==",
          "dev": true
        }
      }
    },
    "panic-server": {
      "version": "1.1.1",
      "resolved": "https://registry.npmjs.org/panic-server/-/panic-server-1.1.1.tgz",
      "integrity": "sha512-TcR6M4LaqKjHvAKoAi46w2Y11KPJiMchAEqu00+tlOBxHR8AYvUCBvDLw4+j3MymApVHHWtluOzDaWxEYeGuVw==",
      "dev": true,
      "requires": {
        "bluebird": "^3.3.5",
        "panic-client": "^1.0.0",
        "socket.io": "^1.4.5"
      }
    },
    "parsejson": {
      "version": "0.0.3",
      "resolved": "https://registry.npmjs.org/parsejson/-/parsejson-0.0.3.tgz",
      "integrity": "sha1-q343WfIJ7OmUN5c/fQ8fZK4OZKs=",
      "dev": true,
      "requires": {
        "better-assert": "~1.0.0"
      }
    },
    "parseqs": {
      "version": "0.0.5",
      "resolved": "https://registry.npmjs.org/parseqs/-/parseqs-0.0.5.tgz",
      "integrity": "sha1-1SCKNzjkZ2bikbouoXNoSSGouJ0=",
      "dev": true,
      "requires": {
        "better-assert": "~1.0.0"
      }
    },
    "parseuri": {
      "version": "0.0.5",
      "resolved": "https://registry.npmjs.org/parseuri/-/parseuri-0.0.5.tgz",
      "integrity": "sha1-gCBKUNTbt3m/3G6+J3jZDkvOMgo=",
      "dev": true,
      "requires": {
        "better-assert": "~1.0.0"
      }
    },
    "path-is-absolute": {
      "version": "1.0.1",
      "resolved": "https://registry.npmjs.org/path-is-absolute/-/path-is-absolute-1.0.1.tgz",
      "integrity": "sha1-F0uSaHNVNP+8es5r9TpanhtcX18=",
      "dev": true
    },
    "platform": {
      "version": "1.3.1",
      "resolved": "https://registry.npmjs.org/platform/-/platform-1.3.1.tgz",
      "integrity": "sha1-SSIQiSM1vTExwKCN2i2T7DVD5CM=",
      "dev": true
    },
    "punycode": {
      "version": "1.3.2",
      "resolved": "https://registry.npmjs.org/punycode/-/punycode-1.3.2.tgz",
      "integrity": "sha1-llOgNvt8HuQjQvIyXM7v6jkmxI0=",
      "dev": true
    },
    "querystring": {
      "version": "0.2.0",
      "resolved": "https://registry.npmjs.org/querystring/-/querystring-0.2.0.tgz",
      "integrity": "sha1-sgmEkgO7Jd+CDadW50cAWHhSFiA=",
      "dev": true
    },
    "ramda": {
      "version": "0.26.1",
      "resolved": "https://registry.npmjs.org/ramda/-/ramda-0.26.1.tgz",
      "integrity": "sha512-hLWjpy7EnsDBb0p+Z3B7rPi3GDeRG5ZtiI33kJhTt+ORCd38AbAIjB/9zRIUoeTbE/AVX5ZkU7m6bznsvrf8eQ==",
      "optional": true
    },
    "sax": {
      "version": "1.2.1",
      "resolved": "https://registry.npmjs.org/sax/-/sax-1.2.1.tgz",
      "integrity": "sha1-e45lYZCyKOgaZq6nSEgNgozS03o=",
      "dev": true
    },
    "socket.io": {
      "version": "1.7.4",
      "resolved": "https://registry.npmjs.org/socket.io/-/socket.io-1.7.4.tgz",
      "integrity": "sha1-L37O3DORvy1cc+KR/iM+bjTU3QA=",
      "dev": true,
      "requires": {
        "debug": "2.3.3",
        "engine.io": "~1.8.4",
        "has-binary": "0.1.7",
        "object-assign": "4.1.0",
        "socket.io-adapter": "0.5.0",
        "socket.io-client": "1.7.4",
        "socket.io-parser": "2.3.1"
      },
      "dependencies": {
        "debug": {
          "version": "2.3.3",
          "resolved": "https://registry.npmjs.org/debug/-/debug-2.3.3.tgz",
          "integrity": "sha1-QMRT5n5uE8kB3ewxeviYbNqe/4w=",
          "dev": true,
          "requires": {
            "ms": "0.7.2"
          }
        },
        "ms": {
          "version": "0.7.2",
          "resolved": "https://registry.npmjs.org/ms/-/ms-0.7.2.tgz",
          "integrity": "sha1-riXPJRKziFodldfwN4aNhDESR2U=",
          "dev": true
        }
      }
    },
    "socket.io-adapter": {
      "version": "0.5.0",
      "resolved": "https://registry.npmjs.org/socket.io-adapter/-/socket.io-adapter-0.5.0.tgz",
      "integrity": "sha1-y21LuL7IHhB4uZZ3+c7QBGBmu4s=",
      "dev": true,
      "requires": {
        "debug": "2.3.3",
        "socket.io-parser": "2.3.1"
      },
      "dependencies": {
        "debug": {
          "version": "2.3.3",
          "resolved": "https://registry.npmjs.org/debug/-/debug-2.3.3.tgz",
          "integrity": "sha1-QMRT5n5uE8kB3ewxeviYbNqe/4w=",
          "dev": true,
          "requires": {
            "ms": "0.7.2"
          }
        },
        "ms": {
          "version": "0.7.2",
          "resolved": "https://registry.npmjs.org/ms/-/ms-0.7.2.tgz",
          "integrity": "sha1-riXPJRKziFodldfwN4aNhDESR2U=",
          "dev": true
        }
      }
    },
    "socket.io-client": {
      "version": "1.7.4",
      "resolved": "https://registry.npmjs.org/socket.io-client/-/socket.io-client-1.7.4.tgz",
      "integrity": "sha1-7J+CA1btme9tNX8HVtZIcXvdQoE=",
      "dev": true,
      "requires": {
        "backo2": "1.0.2",
        "component-bind": "1.0.0",
        "component-emitter": "1.2.1",
        "debug": "2.3.3",
        "engine.io-client": "~1.8.4",
        "has-binary": "0.1.7",
        "indexof": "0.0.1",
        "object-component": "0.0.3",
        "parseuri": "0.0.5",
        "socket.io-parser": "2.3.1",
        "to-array": "0.1.4"
      },
      "dependencies": {
        "debug": {
          "version": "2.3.3",
          "resolved": "https://registry.npmjs.org/debug/-/debug-2.3.3.tgz",
          "integrity": "sha1-QMRT5n5uE8kB3ewxeviYbNqe/4w=",
          "dev": true,
          "requires": {
            "ms": "0.7.2"
          }
        },
        "ms": {
          "version": "0.7.2",
          "resolved": "https://registry.npmjs.org/ms/-/ms-0.7.2.tgz",
          "integrity": "sha1-riXPJRKziFodldfwN4aNhDESR2U=",
          "dev": true
        }
      }
    },
    "socket.io-parser": {
      "version": "2.3.1",
      "resolved": "https://registry.npmjs.org/socket.io-parser/-/socket.io-parser-2.3.1.tgz",
      "integrity": "sha1-3VMgJRA85Clpcya+/WQAX8/ltKA=",
      "dev": true,
      "requires": {
        "component-emitter": "1.1.2",
        "debug": "2.2.0",
        "isarray": "0.0.1",
        "json3": "3.3.2"
      },
      "dependencies": {
        "component-emitter": {
          "version": "1.1.2",
          "resolved": "https://registry.npmjs.org/component-emitter/-/component-emitter-1.1.2.tgz",
          "integrity": "sha1-KWWU8nU9qmOZbSrwjRWpURbJrsM=",
          "dev": true
        },
        "debug": {
          "version": "2.2.0",
          "resolved": "https://registry.npmjs.org/debug/-/debug-2.2.0.tgz",
          "integrity": "sha1-+HBX6ZWxofauaklgZkE3vFbwOdo=",
          "dev": true,
          "requires": {
            "ms": "0.7.1"
          }
        },
        "isarray": {
          "version": "0.0.1",
          "resolved": "https://registry.npmjs.org/isarray/-/isarray-0.0.1.tgz",
          "integrity": "sha1-ihis/Kmo9Bd+Cav8YDiTmwXR7t8=",
          "dev": true
        },
        "ms": {
          "version": "0.7.1",
          "resolved": "https://registry.npmjs.org/ms/-/ms-0.7.1.tgz",
          "integrity": "sha1-nNE8A62/8ltl7/3nzoZO6VIBcJg=",
          "dev": true
        }
      }
    },
    "source-map": {
      "version": "0.6.1",
      "resolved": "https://registry.npmjs.org/source-map/-/source-map-0.6.1.tgz",
      "integrity": "sha512-UjgapumWlbMhkBgzT7Ykc5YXUT46F0iKu8SGXq0bcwP5dz/h0Plj6enJqjz1Zbq2l5WaqYnrVbwWOWMyF3F47g==",
      "dev": true
    },
    "supports-color": {
      "version": "5.4.0",
      "resolved": "https://registry.npmjs.org/supports-color/-/supports-color-5.4.0.tgz",
      "integrity": "sha512-zjaXglF5nnWpsq470jSv6P9DwPvgLkuapYmfDm3JWOm0vkNTVF2tI4UrN2r6jH1qM/uc/WtxYY1hYoA2dOKj5w==",
      "dev": true,
      "requires": {
        "has-flag": "^3.0.0"
      }
    },
    "text-encoding": {
      "version": "0.7.0",
      "resolved": "https://registry.npmjs.org/text-encoding/-/text-encoding-0.7.0.tgz",
      "integrity": "sha512-oJQ3f1hrOnbRLOcwKz0Liq2IcrvDeZRHXhd9RgLrsT+DjWY/nty1Hi7v3dtkaEYbPYe0mUoOfzRrMwfXXwgPUA==",
      "optional": true
    },
    "to-array": {
      "version": "0.1.4",
      "resolved": "https://registry.npmjs.org/to-array/-/to-array-0.1.4.tgz",
      "integrity": "sha1-F+bBH3PdTz10zaek/zI46a2b+JA=",
      "dev": true
    },
    "tslib": {
      "version": "1.10.0",
      "resolved": "https://registry.npmjs.org/tslib/-/tslib-1.10.0.tgz",
      "integrity": "sha512-qOebF53frne81cf0S9B41ByenJ3/IuH8yJKngAX35CmiZySA0khhkovshKK+jGCaMnVomla7gVlIcc3EvKPbTQ==",
      "optional": true
    },
    "uglify-js": {
      "version": "3.3.24",
      "resolved": "https://registry.npmjs.org/uglify-js/-/uglify-js-3.3.24.tgz",
      "integrity": "sha512-hS7+TDiqIqvWScCcKRybCQzmMnEzJ4ryl9ErRmW4GFyG48p0/dKZiy/5mVLbsFzU8CCnCgQdxMiJzZythvLzCg==",
      "dev": true,
      "requires": {
        "commander": "~2.15.0",
        "source-map": "~0.6.1"
      },
      "dependencies": {
        "commander": {
          "version": "2.15.1",
          "resolved": "https://registry.npmjs.org/commander/-/commander-2.15.1.tgz",
          "integrity": "sha512-VlfT9F3V0v+jr4yxPc5gg9s62/fIVWsd2Bk2iD435um1NlGMYdVCq+MjcXnhYq2icNOizHr1kK+5TI6H0Hy0ag==",
          "dev": true
        }
      }
    },
    "url": {
      "version": "0.10.3",
      "resolved": "https://registry.npmjs.org/url/-/url-0.10.3.tgz",
      "integrity": "sha1-Ah5NnHcF8hu/N9A861h2dAJ3TGQ=",
      "dev": true,
      "requires": {
        "punycode": "1.3.2",
        "querystring": "0.2.0"
      }
    },
    "uuid": {
      "version": "3.1.0",
      "resolved": "https://registry.npmjs.org/uuid/-/uuid-3.1.0.tgz",
      "integrity": "sha512-DIWtzUkw04M4k3bf1IcpS2tngXEL26YUD2M0tMDUpnUrz2hgzUBlD55a4FjdLGPvfHxS6uluGWvaVEqgBcVa+g==",
      "dev": true
    },
    "webcrypto-core": {
      "version": "0.1.26",
      "resolved": "https://registry.npmjs.org/webcrypto-core/-/webcrypto-core-0.1.26.tgz",
      "integrity": "sha512-BZVgJZkkHyuz8loKvsaOKiBDXDpmMZf5xG4QAOlSeYdXlFUl9c1FRrVnAXcOdb4fTHMG+TRu81odJwwSfKnWTA==",
      "optional": true,
      "requires": {
        "tslib": "^1.7.1"
      }
    },
    "wrappy": {
      "version": "1.0.2",
      "resolved": "https://registry.npmjs.org/wrappy/-/wrappy-1.0.2.tgz",
      "integrity": "sha1-tSQ9jz7BqjXxNkYFvA0QNuMKtp8=",
      "dev": true
    },
    "ws": {
      "version": "7.1.0",
      "resolved": "https://registry.npmjs.org/ws/-/ws-7.1.0.tgz",
      "integrity": "sha512-Swie2C4fs7CkwlHu1glMePLYJJsWjzhl1vm3ZaLplD0h7OMkZyZ6kLTB/OagiU923bZrPFXuDTeEqaEN4NWG4g==",
      "requires": {
        "async-limiter": "^1.0.0"
      }
    },
    "wtf-8": {
      "version": "1.0.0",
      "resolved": "https://registry.npmjs.org/wtf-8/-/wtf-8-1.0.0.tgz",
      "integrity": "sha1-OS2LotDxw00e4tYw8V0O+2jhBIo=",
      "dev": true
    },
    "xml2js": {
      "version": "0.4.17",
      "resolved": "https://registry.npmjs.org/xml2js/-/xml2js-0.4.17.tgz",
      "integrity": "sha1-F76T6q4/O3eTWceVtBlwWogX6Gg=",
      "dev": true,
      "requires": {
        "sax": ">=0.6.0",
        "xmlbuilder": "^4.1.0"
      }
    },
    "xmlbuilder": {
      "version": "4.2.1",
      "resolved": "https://registry.npmjs.org/xmlbuilder/-/xmlbuilder-4.2.1.tgz",
      "integrity": "sha1-qlijBBoGb5DqoWwvU4n/GfP0YaU=",
      "dev": true,
      "requires": {
        "lodash": "^4.0.0"
      }
    },
    "xmlhttprequest-ssl": {
      "version": "1.5.3",
      "resolved": "https://registry.npmjs.org/xmlhttprequest-ssl/-/xmlhttprequest-ssl-1.5.3.tgz",
      "integrity": "sha1-GFqIjATspGw+QHDZn3tJ3jUomS0=",
      "dev": true
    },
    "yeast": {
      "version": "0.1.2",
      "resolved": "https://registry.npmjs.org/yeast/-/yeast-0.1.2.tgz",
      "integrity": "sha1-AI4G2AlDIMNy28L47XagymyKxBk=",
      "dev": true
    }
  }
}
